// !$*UTF8*$!
{
	archiveVersion = 1;
	classes = {
	};
	objectVersion = 46;
	objects = {

/* Begin PBXBuildFile section */
		A8C3499719F89B4900878205 /* main.m in Sources */ = {isa = PBXBuildFile; fileRef = A8C3499619F89B4900878205 /* main.m */; };
		A8C3499A19F89B4900878205 /* AppDelegate.m in Sources */ = {isa = PBXBuildFile; fileRef = A8C3499919F89B4900878205 /* AppDelegate.m */; };
		A8C3499D19F89B4900878205 /* ViewController.m in Sources */ = {isa = PBXBuildFile; fileRef = A8C3499C19F89B4900878205 /* ViewController.m */; };
		A8C349A019F89B4900878205 /* Main.storyboard in Resources */ = {isa = PBXBuildFile; fileRef = A8C3499E19F89B4900878205 /* Main.storyboard */; };
		A8C349A219F89B4900878205 /* Images.xcassets in Resources */ = {isa = PBXBuildFile; fileRef = A8C349A119F89B4900878205 /* Images.xcassets */; };
		A8C349A519F89B4900878205 /* LaunchScreen.xib in Resources */ = {isa = PBXBuildFile; fileRef = A8C349A319F89B4900878205 /* LaunchScreen.xib */; };
		A8C349B119F89B4900878205 /* PowerUPAlphaTests.m in Sources */ = {isa = PBXBuildFile; fileRef = A8C349B019F89B4900878205 /* PowerUPAlphaTests.m */; };
		A8C349BC19F89C1D00878205 /* GameViewController.m in Sources */ = {isa = PBXBuildFile; fileRef = A8C349BB19F89C1D00878205 /* GameViewController.m */; };
		A8C349C519F89F0800878205 /* Grid.m in Sources */ = {isa = PBXBuildFile; fileRef = A8C349C419F89F0800878205 /* Grid.m */; };
		A8C349C819F89F4500878205 /* GameModel.m in Sources */ = {isa = PBXBuildFile; fileRef = A8C349C719F89F4500878205 /* GameModel.m */; };
		A8C349CB19F89F5900878205 /* Switch.m in Sources */ = {isa = PBXBuildFile; fileRef = A8C349CA19F89F5900878205 /* Switch.m */; };
		A8C349CE19F89F6B00878205 /* Bulb.m in Sources */ = {isa = PBXBuildFile; fileRef = A8C349CD19F89F6B00878205 /* Bulb.m */; };
		A8C349D119F89F7E00878205 /* Wire.m in Sources */ = {isa = PBXBuildFile; fileRef = A8C349D019F89F7E00878205 /* Wire.m */; };
		A8C349D319F8A38300878205 /* test0 in Resources */ = {isa = PBXBuildFile; fileRef = A8C349D219F8A38300878205 /* test0 */; };
		A8C349DC19F8B26300878205 /* batteryNegLRXX.png in Resources */ = {isa = PBXBuildFile; fileRef = A8C349D419F8B26300878205 /* batteryNegLRXX.png */; };
		A8C349DD19F8B26300878205 /* batteryNegLXTX.png in Resources */ = {isa = PBXBuildFile; fileRef = A8C349D519F8B26300878205 /* batteryNegLXTX.png */; };
		A8C349DE19F8B26300878205 /* batteryNegLXXB.png in Resources */ = {isa = PBXBuildFile; fileRef = A8C349D619F8B26300878205 /* batteryNegLXXB.png */; };
		A8C349DF19F8B26300878205 /* batteryNegLXXX.png in Resources */ = {isa = PBXBuildFile; fileRef = A8C349D719F8B26300878205 /* batteryNegLXXX.png */; };
		A8C349E019F8B26300878205 /* batteryPosLRXX.png in Resources */ = {isa = PBXBuildFile; fileRef = A8C349D819F8B26300878205 /* batteryPosLRXX.png */; };
		A8C349E119F8B26300878205 /* batteryPosXRTX.png in Resources */ = {isa = PBXBuildFile; fileRef = A8C349D919F8B26300878205 /* batteryPosXRTX.png */; };
		A8C349E219F8B26300878205 /* batteryPosXRXB.png in Resources */ = {isa = PBXBuildFile; fileRef = A8C349DA19F8B26300878205 /* batteryPosXRXB.png */; };
		A8C349E319F8B26300878205 /* batteryPosXRXX.png in Resources */ = {isa = PBXBuildFile; fileRef = A8C349DB19F8B26300878205 /* batteryPosXRXX.png */; };
		A8C349F419F8B29400878205 /* wireLRTB.png in Resources */ = {isa = PBXBuildFile; fileRef = A8C349E419F8B29400878205 /* wireLRTB.png */; };
		A8C349F519F8B29400878205 /* wireLRTX.png in Resources */ = {isa = PBXBuildFile; fileRef = A8C349E519F8B29400878205 /* wireLRTX.png */; };
		A8C349F619F8B29400878205 /* wireLRXB.png in Resources */ = {isa = PBXBuildFile; fileRef = A8C349E619F8B29400878205 /* wireLRXB.png */; };
		A8C349F719F8B29400878205 /* wireLRXX.png in Resources */ = {isa = PBXBuildFile; fileRef = A8C349E719F8B29400878205 /* wireLRXX.png */; };
		A8C349F819F8B29400878205 /* wireLXTB.png in Resources */ = {isa = PBXBuildFile; fileRef = A8C349E819F8B29400878205 /* wireLXTB.png */; };
		A8C349F919F8B29400878205 /* wireLXTX.png in Resources */ = {isa = PBXBuildFile; fileRef = A8C349E919F8B29400878205 /* wireLXTX.png */; };
		A8C349FA19F8B29400878205 /* wireLXXB.png in Resources */ = {isa = PBXBuildFile; fileRef = A8C349EA19F8B29400878205 /* wireLXXB.png */; };
		A8C349FB19F8B29400878205 /* wireLXXX.png in Resources */ = {isa = PBXBuildFile; fileRef = A8C349EB19F8B29400878205 /* wireLXXX.png */; };
		A8C349FC19F8B29400878205 /* wireXRTB.png in Resources */ = {isa = PBXBuildFile; fileRef = A8C349EC19F8B29400878205 /* wireXRTB.png */; };
		A8C349FD19F8B29400878205 /* wireXRTX.png in Resources */ = {isa = PBXBuildFile; fileRef = A8C349ED19F8B29400878205 /* wireXRTX.png */; };
		A8C349FE19F8B29400878205 /* wireXRXB.png in Resources */ = {isa = PBXBuildFile; fileRef = A8C349EE19F8B29400878205 /* wireXRXB.png */; };
		A8C349FF19F8B29400878205 /* wireXRXX.png in Resources */ = {isa = PBXBuildFile; fileRef = A8C349EF19F8B29400878205 /* wireXRXX.png */; };
		A8C34A0019F8B29400878205 /* wireXXTB.png in Resources */ = {isa = PBXBuildFile; fileRef = A8C349F019F8B29400878205 /* wireXXTB.png */; };
		A8C34A0119F8B29400878205 /* wireXXTX.png in Resources */ = {isa = PBXBuildFile; fileRef = A8C349F119F8B29400878205 /* wireXXTX.png */; };
		A8C34A0219F8B29400878205 /* wireXXXB.png in Resources */ = {isa = PBXBuildFile; fileRef = A8C349F219F8B29400878205 /* wireXXXB.png */; };
		A8C34A0319F8B29400878205 /* wireXXXX.png in Resources */ = {isa = PBXBuildFile; fileRef = A8C349F319F8B29400878205 /* wireXXXX.png */; };
		A8C34A0819F8B2AA00878205 /* bulb_light.png in Resources */ = {isa = PBXBuildFile; fileRef = A8C34A0419F8B2AA00878205 /* bulb_light.png */; };
		A8C34A0919F8B2AA00878205 /* bulb_normal.png in Resources */ = {isa = PBXBuildFile; fileRef = A8C34A0519F8B2AA00878205 /* bulb_normal.png */; };
		A8C34A0A19F8B2AA00878205 /* bulb_normal.png in Resources */ = {isa = PBXBuildFile; fileRef = A8C34A0619F8B2AA00878205 /* bulb_normal.png */; };
		A8C34A0B19F8B2AA00878205 /* bulb_short.png in Resources */ = {isa = PBXBuildFile; fileRef = A8C34A0719F8B2AA00878205 /* bulb_short.png */; };
/* End PBXBuildFile section */

/* Begin PBXContainerItemProxy section */
		A8C349AB19F89B4900878205 /* PBXContainerItemProxy */ = {
			isa = PBXContainerItemProxy;
			containerPortal = A8C3498919F89B4900878205 /* Project object */;
			proxyType = 1;
			remoteGlobalIDString = A8C3499019F89B4900878205;
			remoteInfo = PowerUPAlpha;
		};
/* End PBXContainerItemProxy section */

/* Begin PBXFileReference section */
		A8C3499119F89B4900878205 /* PowerUPAlpha.app */ = {isa = PBXFileReference; explicitFileType = wrapper.application; includeInIndex = 0; path = PowerUPAlpha.app; sourceTree = BUILT_PRODUCTS_DIR; };
		A8C3499519F89B4900878205 /* Info.plist */ = {isa = PBXFileReference; lastKnownFileType = text.plist.xml; path = Info.plist; sourceTree = "<group>"; };
		A8C3499619F89B4900878205 /* main.m */ = {isa = PBXFileReference; lastKnownFileType = sourcecode.c.objc; path = main.m; sourceTree = "<group>"; };
		A8C3499819F89B4900878205 /* AppDelegate.h */ = {isa = PBXFileReference; lastKnownFileType = sourcecode.c.h; path = AppDelegate.h; sourceTree = "<group>"; };
		A8C3499919F89B4900878205 /* AppDelegate.m */ = {isa = PBXFileReference; lastKnownFileType = sourcecode.c.objc; path = AppDelegate.m; sourceTree = "<group>"; };
		A8C3499B19F89B4900878205 /* ViewController.h */ = {isa = PBXFileReference; lastKnownFileType = sourcecode.c.h; path = ViewController.h; sourceTree = "<group>"; };
		A8C3499C19F89B4900878205 /* ViewController.m */ = {isa = PBXFileReference; lastKnownFileType = sourcecode.c.objc; path = ViewController.m; sourceTree = "<group>"; };
		A8C3499F19F89B4900878205 /* Base */ = {isa = PBXFileReference; lastKnownFileType = file.storyboard; name = Base; path = Base.lproj/Main.storyboard; sourceTree = "<group>"; };
		A8C349A119F89B4900878205 /* Images.xcassets */ = {isa = PBXFileReference; lastKnownFileType = folder.assetcatalog; path = Images.xcassets; sourceTree = "<group>"; };
		A8C349A419F89B4900878205 /* Base */ = {isa = PBXFileReference; lastKnownFileType = file.xib; name = Base; path = Base.lproj/LaunchScreen.xib; sourceTree = "<group>"; };
		A8C349AA19F89B4900878205 /* PowerUPAlphaTests.xctest */ = {isa = PBXFileReference; explicitFileType = wrapper.cfbundle; includeInIndex = 0; path = PowerUPAlphaTests.xctest; sourceTree = BUILT_PRODUCTS_DIR; };
		A8C349AF19F89B4900878205 /* Info.plist */ = {isa = PBXFileReference; lastKnownFileType = text.plist.xml; path = Info.plist; sourceTree = "<group>"; };
		A8C349B019F89B4900878205 /* PowerUPAlphaTests.m */ = {isa = PBXFileReference; lastKnownFileType = sourcecode.c.objc; path = PowerUPAlphaTests.m; sourceTree = "<group>"; };
		A8C349BA19F89C1D00878205 /* GameViewController.h */ = {isa = PBXFileReference; fileEncoding = 4; lastKnownFileType = sourcecode.c.h; path = GameViewController.h; sourceTree = "<group>"; };
		A8C349BB19F89C1D00878205 /* GameViewController.m */ = {isa = PBXFileReference; fileEncoding = 4; lastKnownFileType = sourcecode.c.objc; path = GameViewController.m; sourceTree = "<group>"; };
		A8C349C319F89F0800878205 /* Grid.h */ = {isa = PBXFileReference; fileEncoding = 4; lastKnownFileType = sourcecode.c.h; path = Grid.h; sourceTree = "<group>"; };
		A8C349C419F89F0800878205 /* Grid.m */ = {isa = PBXFileReference; fileEncoding = 4; lastKnownFileType = sourcecode.c.objc; path = Grid.m; sourceTree = "<group>"; };
		A8C349C619F89F4500878205 /* GameModel.h */ = {isa = PBXFileReference; fileEncoding = 4; lastKnownFileType = sourcecode.c.h; path = GameModel.h; sourceTree = "<group>"; };
		A8C349C719F89F4500878205 /* GameModel.m */ = {isa = PBXFileReference; fileEncoding = 4; lastKnownFileType = sourcecode.c.objc; path = GameModel.m; sourceTree = "<group>"; };
		A8C349C919F89F5900878205 /* Switch.h */ = {isa = PBXFileReference; fileEncoding = 4; lastKnownFileType = sourcecode.c.h; path = Switch.h; sourceTree = "<group>"; };
		A8C349CA19F89F5900878205 /* Switch.m */ = {isa = PBXFileReference; fileEncoding = 4; lastKnownFileType = sourcecode.c.objc; path = Switch.m; sourceTree = "<group>"; };
		A8C349CC19F89F6B00878205 /* Bulb.h */ = {isa = PBXFileReference; fileEncoding = 4; lastKnownFileType = sourcecode.c.h; path = Bulb.h; sourceTree = "<group>"; };
		A8C349CD19F89F6B00878205 /* Bulb.m */ = {isa = PBXFileReference; fileEncoding = 4; lastKnownFileType = sourcecode.c.objc; path = Bulb.m; sourceTree = "<group>"; };
		A8C349CF19F89F7E00878205 /* Wire.h */ = {isa = PBXFileReference; fileEncoding = 4; lastKnownFileType = sourcecode.c.h; path = Wire.h; sourceTree = "<group>"; };
		A8C349D019F89F7E00878205 /* Wire.m */ = {isa = PBXFileReference; fileEncoding = 4; lastKnownFileType = sourcecode.c.objc; path = Wire.m; sourceTree = "<group>"; };
		A8C349D219F8A38300878205 /* test0 */ = {isa = PBXFileReference; fileEncoding = 4; lastKnownFileType = text; name = test0; path = "../../../../../../Downloads/Display Prototype/Display Prototype/test0"; sourceTree = "<group>"; };
		A8C349D419F8B26300878205 /* batteryNegLRXX.png */ = {isa = PBXFileReference; lastKnownFileType = image.png; name = batteryNegLRXX.png; path = "../../../../../../Downloads/Display Prototype/Display Prototype/batteryNegLRXX.png"; sourceTree = "<group>"; };
		A8C349D519F8B26300878205 /* batteryNegLXTX.png */ = {isa = PBXFileReference; lastKnownFileType = image.png; name = batteryNegLXTX.png; path = "../../../../../../Downloads/Display Prototype/Display Prototype/batteryNegLXTX.png"; sourceTree = "<group>"; };
		A8C349D619F8B26300878205 /* batteryNegLXXB.png */ = {isa = PBXFileReference; lastKnownFileType = image.png; name = batteryNegLXXB.png; path = "../../../../../../Downloads/Display Prototype/Display Prototype/batteryNegLXXB.png"; sourceTree = "<group>"; };
		A8C349D719F8B26300878205 /* batteryNegLXXX.png */ = {isa = PBXFileReference; lastKnownFileType = image.png; name = batteryNegLXXX.png; path = "../../../../../../Downloads/Display Prototype/Display Prototype/batteryNegLXXX.png"; sourceTree = "<group>"; };
		A8C349D819F8B26300878205 /* batteryPosLRXX.png */ = {isa = PBXFileReference; lastKnownFileType = image.png; name = batteryPosLRXX.png; path = "../../../../../../Downloads/Display Prototype/Display Prototype/batteryPosLRXX.png"; sourceTree = "<group>"; };
		A8C349D919F8B26300878205 /* batteryPosXRTX.png */ = {isa = PBXFileReference; lastKnownFileType = image.png; name = batteryPosXRTX.png; path = "../../../../../../Downloads/Display Prototype/Display Prototype/batteryPosXRTX.png"; sourceTree = "<group>"; };
		A8C349DA19F8B26300878205 /* batteryPosXRXB.png */ = {isa = PBXFileReference; lastKnownFileType = image.png; name = batteryPosXRXB.png; path = "../../../../../../Downloads/Display Prototype/Display Prototype/batteryPosXRXB.png"; sourceTree = "<group>"; };
		A8C349DB19F8B26300878205 /* batteryPosXRXX.png */ = {isa = PBXFileReference; lastKnownFileType = image.png; name = batteryPosXRXX.png; path = "../../../../../../Downloads/Display Prototype/Display Prototype/batteryPosXRXX.png"; sourceTree = "<group>"; };
		A8C349E419F8B29400878205 /* wireLRTB.png */ = {isa = PBXFileReference; lastKnownFileType = image.png; name = wireLRTB.png; path = "../../../../../../Downloads/Display Prototype/Display Prototype/wireLRTB.png"; sourceTree = "<group>"; };
		A8C349E519F8B29400878205 /* wireLRTX.png */ = {isa = PBXFileReference; lastKnownFileType = image.png; name = wireLRTX.png; path = "../../../../../../Downloads/Display Prototype/Display Prototype/wireLRTX.png"; sourceTree = "<group>"; };
		A8C349E619F8B29400878205 /* wireLRXB.png */ = {isa = PBXFileReference; lastKnownFileType = image.png; name = wireLRXB.png; path = "../../../../../../Downloads/Display Prototype/Display Prototype/wireLRXB.png"; sourceTree = "<group>"; };
		A8C349E719F8B29400878205 /* wireLRXX.png */ = {isa = PBXFileReference; lastKnownFileType = image.png; name = wireLRXX.png; path = "../../../../../../Downloads/Display Prototype/Display Prototype/wireLRXX.png"; sourceTree = "<group>"; };
		A8C349E819F8B29400878205 /* wireLXTB.png */ = {isa = PBXFileReference; lastKnownFileType = image.png; name = wireLXTB.png; path = "../../../../../../Downloads/Display Prototype/Display Prototype/wireLXTB.png"; sourceTree = "<group>"; };
		A8C349E919F8B29400878205 /* wireLXTX.png */ = {isa = PBXFileReference; lastKnownFileType = image.png; name = wireLXTX.png; path = "../../../../../../Downloads/Display Prototype/Display Prototype/wireLXTX.png"; sourceTree = "<group>"; };
		A8C349EA19F8B29400878205 /* wireLXXB.png */ = {isa = PBXFileReference; lastKnownFileType = image.png; name = wireLXXB.png; path = "../../../../../../Downloads/Display Prototype/Display Prototype/wireLXXB.png"; sourceTree = "<group>"; };
		A8C349EB19F8B29400878205 /* wireLXXX.png */ = {isa = PBXFileReference; lastKnownFileType = image.png; name = wireLXXX.png; path = "../../../../../../Downloads/Display Prototype/Display Prototype/wireLXXX.png"; sourceTree = "<group>"; };
		A8C349EC19F8B29400878205 /* wireXRTB.png */ = {isa = PBXFileReference; lastKnownFileType = image.png; name = wireXRTB.png; path = "../../../../../../Downloads/Display Prototype/Display Prototype/wireXRTB.png"; sourceTree = "<group>"; };
		A8C349ED19F8B29400878205 /* wireXRTX.png */ = {isa = PBXFileReference; lastKnownFileType = image.png; name = wireXRTX.png; path = "../../../../../../Downloads/Display Prototype/Display Prototype/wireXRTX.png"; sourceTree = "<group>"; };
		A8C349EE19F8B29400878205 /* wireXRXB.png */ = {isa = PBXFileReference; lastKnownFileType = image.png; name = wireXRXB.png; path = "../../../../../../Downloads/Display Prototype/Display Prototype/wireXRXB.png"; sourceTree = "<group>"; };
		A8C349EF19F8B29400878205 /* wireXRXX.png */ = {isa = PBXFileReference; lastKnownFileType = image.png; name = wireXRXX.png; path = "../../../../../../Downloads/Display Prototype/Display Prototype/wireXRXX.png"; sourceTree = "<group>"; };
		A8C349F019F8B29400878205 /* wireXXTB.png */ = {isa = PBXFileReference; lastKnownFileType = image.png; name = wireXXTB.png; path = "../../../../../../Downloads/Display Prototype/Display Prototype/wireXXTB.png"; sourceTree = "<group>"; };
		A8C349F119F8B29400878205 /* wireXXTX.png */ = {isa = PBXFileReference; lastKnownFileType = image.png; name = wireXXTX.png; path = "../../../../../../Downloads/Display Prototype/Display Prototype/wireXXTX.png"; sourceTree = "<group>"; };
		A8C349F219F8B29400878205 /* wireXXXB.png */ = {isa = PBXFileReference; lastKnownFileType = image.png; name = wireXXXB.png; path = "../../../../../../Downloads/Display Prototype/Display Prototype/wireXXXB.png"; sourceTree = "<group>"; };
		A8C349F319F8B29400878205 /* wireXXXX.png */ = {isa = PBXFileReference; lastKnownFileType = image.png; name = wireXXXX.png; path = "../../../../../../Downloads/Display Prototype/Display Prototype/wireXXXX.png"; sourceTree = "<group>"; };
		A8C34A0419F8B2AA00878205 /* bulb_light.png */ = {isa = PBXFileReference; lastKnownFileType = image.png; name = bulb_light.png; path = "../../../../../../Downloads/Display Prototype/Display Prototype/bulb_light.png"; sourceTree = "<group>"; };
		A8C34A0519F8B2AA00878205 /* bulb_normal.png */ = {isa = PBXFileReference; lastKnownFileType = image.png; name = bulb_normal.png; path = ../../../../../../Desktop/bulb_normal.png; sourceTree = "<group>"; };
		A8C34A0619F8B2AA00878205 /* bulb_normal.png */ = {isa = PBXFileReference; lastKnownFileType = image.png; name = bulb_normal.png; path = "../../../../../../Desktop/wire pics/bulb_normal.png"; sourceTree = "<group>"; };
		A8C34A0719F8B2AA00878205 /* bulb_short.png */ = {isa = PBXFileReference; lastKnownFileType = image.png; name = bulb_short.png; path = ../../../../../../Desktop/bulb_short.png; sourceTree = "<group>"; };
/* End PBXFileReference section */

/* Begin PBXFrameworksBuildPhase section */
		A8C3498E19F89B4900878205 /* Frameworks */ = {
			isa = PBXFrameworksBuildPhase;
			buildActionMask = 2147483647;
			files = (
			);
			runOnlyForDeploymentPostprocessing = 0;
		};
		A8C349A719F89B4900878205 /* Frameworks */ = {
			isa = PBXFrameworksBuildPhase;
			buildActionMask = 2147483647;
			files = (
			);
			runOnlyForDeploymentPostprocessing = 0;
		};
/* End PBXFrameworksBuildPhase section */

/* Begin PBXGroup section */
		A8C3498819F89B4900878205 = {
			isa = PBXGroup;
			children = (
				A8C3499319F89B4900878205 /* PowerUPAlpha */,
				A8C349AD19F89B4900878205 /* PowerUPAlphaTests */,
				A8C3499219F89B4900878205 /* Products */,
			);
			sourceTree = "<group>";
		};
		A8C3499219F89B4900878205 /* Products */ = {
			isa = PBXGroup;
			children = (
				A8C3499119F89B4900878205 /* PowerUPAlpha.app */,
				A8C349AA19F89B4900878205 /* PowerUPAlphaTests.xctest */,
			);
			name = Products;
			sourceTree = "<group>";
		};
		A8C3499319F89B4900878205 /* PowerUPAlpha */ = {
			isa = PBXGroup;
			children = (
				A8C34A0419F8B2AA00878205 /* bulb_light.png */,
				A8C34A0519F8B2AA00878205 /* bulb_normal.png */,
				A8C34A0619F8B2AA00878205 /* bulb_normal.png */,
				A8C34A0719F8B2AA00878205 /* bulb_short.png */,
				A8C349E419F8B29400878205 /* wireLRTB.png */,
				A8C349E519F8B29400878205 /* wireLRTX.png */,
				A8C349E619F8B29400878205 /* wireLRXB.png */,
				A8C349E719F8B29400878205 /* wireLRXX.png */,
				A8C349E819F8B29400878205 /* wireLXTB.png */,
				A8C349E919F8B29400878205 /* wireLXTX.png */,
				A8C349EA19F8B29400878205 /* wireLXXB.png */,
				A8C349EB19F8B29400878205 /* wireLXXX.png */,
				A8C349EC19F8B29400878205 /* wireXRTB.png */,
				A8C349ED19F8B29400878205 /* wireXRTX.png */,
				A8C349EE19F8B29400878205 /* wireXRXB.png */,
				A8C349EF19F8B29400878205 /* wireXRXX.png */,
				A8C349F019F8B29400878205 /* wireXXTB.png */,
				A8C349F119F8B29400878205 /* wireXXTX.png */,
				A8C349F219F8B29400878205 /* wireXXXB.png */,
				A8C349F319F8B29400878205 /* wireXXXX.png */,
				A8C349D419F8B26300878205 /* batteryNegLRXX.png */,
				A8C349D519F8B26300878205 /* batteryNegLXTX.png */,
				A8C349D619F8B26300878205 /* batteryNegLXXB.png */,
				A8C349D719F8B26300878205 /* batteryNegLXXX.png */,
				A8C349D819F8B26300878205 /* batteryPosLRXX.png */,
				A8C349D919F8B26300878205 /* batteryPosXRTX.png */,
				A8C349DA19F8B26300878205 /* batteryPosXRXB.png */,
				A8C349DB19F8B26300878205 /* batteryPosXRXX.png */,
				A8C349D219F8A38300878205 /* test0 */,
				A8C3499819F89B4900878205 /* AppDelegate.h */,
				A8C3499919F89B4900878205 /* AppDelegate.m */,
				A8C3499B19F89B4900878205 /* ViewController.h */,
				A8C3499C19F89B4900878205 /* ViewController.m */,
				A8C349BA19F89C1D00878205 /* GameViewController.h */,
				A8C349BB19F89C1D00878205 /* GameViewController.m */,
				A8C349C319F89F0800878205 /* Grid.h */,
				A8C349C419F89F0800878205 /* Grid.m */,
				A8C349C619F89F4500878205 /* GameModel.h */,
				A8C349C719F89F4500878205 /* GameModel.m */,
				A8C349C919F89F5900878205 /* Switch.h */,
				A8C349CA19F89F5900878205 /* Switch.m */,
				A8C349CC19F89F6B00878205 /* Bulb.h */,
				A8C349CD19F89F6B00878205 /* Bulb.m */,
				A8C349CF19F89F7E00878205 /* Wire.h */,
				A8C349D019F89F7E00878205 /* Wire.m */,
				A8C3499E19F89B4900878205 /* Main.storyboard */,
				A8C349A119F89B4900878205 /* Images.xcassets */,
				A8C349A319F89B4900878205 /* LaunchScreen.xib */,
				A8C3499419F89B4900878205 /* Supporting Files */,
			);
			path = PowerUPAlpha;
			sourceTree = "<group>";
		};
		A8C3499419F89B4900878205 /* Supporting Files */ = {
			isa = PBXGroup;
			children = (
				A8C3499519F89B4900878205 /* Info.plist */,
				A8C3499619F89B4900878205 /* main.m */,
			);
			name = "Supporting Files";
			sourceTree = "<group>";
		};
		A8C349AD19F89B4900878205 /* PowerUPAlphaTests */ = {
			isa = PBXGroup;
			children = (
				A8C349B019F89B4900878205 /* PowerUPAlphaTests.m */,
				A8C349AE19F89B4900878205 /* Supporting Files */,
			);
			path = PowerUPAlphaTests;
			sourceTree = "<group>";
		};
		A8C349AE19F89B4900878205 /* Supporting Files */ = {
			isa = PBXGroup;
			children = (
				A8C349AF19F89B4900878205 /* Info.plist */,
			);
			name = "Supporting Files";
			sourceTree = "<group>";
		};
/* End PBXGroup section */

/* Begin PBXNativeTarget section */
		A8C3499019F89B4900878205 /* PowerUPAlpha */ = {
			isa = PBXNativeTarget;
			buildConfigurationList = A8C349B419F89B4900878205 /* Build configuration list for PBXNativeTarget "PowerUPAlpha" */;
			buildPhases = (
				A8C3498D19F89B4900878205 /* Sources */,
				A8C3498E19F89B4900878205 /* Frameworks */,
				A8C3498F19F89B4900878205 /* Resources */,
			);
			buildRules = (
			);
			dependencies = (
			);
			name = PowerUPAlpha;
			productName = PowerUPAlpha;
			productReference = A8C3499119F89B4900878205 /* PowerUPAlpha.app */;
			productType = "com.apple.product-type.application";
		};
		A8C349A919F89B4900878205 /* PowerUPAlphaTests */ = {
			isa = PBXNativeTarget;
			buildConfigurationList = A8C349B719F89B4900878205 /* Build configuration list for PBXNativeTarget "PowerUPAlphaTests" */;
			buildPhases = (
				A8C349A619F89B4900878205 /* Sources */,
				A8C349A719F89B4900878205 /* Frameworks */,
				A8C349A819F89B4900878205 /* Resources */,
			);
			buildRules = (
			);
			dependencies = (
				A8C349AC19F89B4900878205 /* PBXTargetDependency */,
			);
			name = PowerUPAlphaTests;
			productName = PowerUPAlphaTests;
			productReference = A8C349AA19F89B4900878205 /* PowerUPAlphaTests.xctest */;
			productType = "com.apple.product-type.bundle.unit-test";
		};
/* End PBXNativeTarget section */

/* Begin PBXProject section */
		A8C3498919F89B4900878205 /* Project object */ = {
			isa = PBXProject;
			attributes = {
				LastUpgradeCheck = 0600;
				ORGANIZATIONNAME = CS121F14S4_Team8;
				TargetAttributes = {
					A8C3499019F89B4900878205 = {
						CreatedOnToolsVersion = 6.0.1;
					};
					A8C349A919F89B4900878205 = {
						CreatedOnToolsVersion = 6.0.1;
						TestTargetID = A8C3499019F89B4900878205;
					};
				};
			};
			buildConfigurationList = A8C3498C19F89B4900878205 /* Build configuration list for PBXProject "PowerUPAlpha" */;
			compatibilityVersion = "Xcode 3.2";
			developmentRegion = English;
			hasScannedForEncodings = 0;
			knownRegions = (
				en,
				Base,
			);
			mainGroup = A8C3498819F89B4900878205;
			productRefGroup = A8C3499219F89B4900878205 /* Products */;
			projectDirPath = "";
			projectRoot = "";
			targets = (
				A8C3499019F89B4900878205 /* PowerUPAlpha */,
				A8C349A919F89B4900878205 /* PowerUPAlphaTests */,
			);
		};
/* End PBXProject section */

/* Begin PBXResourcesBuildPhase section */
		A8C3498F19F89B4900878205 /* Resources */ = {
			isa = PBXResourcesBuildPhase;
			buildActionMask = 2147483647;
			files = (
				A8C34A0119F8B29400878205 /* wireXXTX.png in Resources */,
				A8C34A0919F8B2AA00878205 /* bulb_normal.png in Resources */,
				A8C349E319F8B26300878205 /* batteryPosXRXX.png in Resources */,
				A8C349FC19F8B29400878205 /* wireXRTB.png in Resources */,
				A8C349DD19F8B26300878205 /* batteryNegLXTX.png in Resources */,
				A8C349E019F8B26300878205 /* batteryPosLRXX.png in Resources */,
				A8C34A0A19F8B2AA00878205 /* bulb_normal.png in Resources */,
				A8C34A0819F8B2AA00878205 /* bulb_light.png in Resources */,
				A8C349FD19F8B29400878205 /* wireXRTX.png in Resources */,
				A8C349DE19F8B26300878205 /* batteryNegLXXB.png in Resources */,
				A8C34A0219F8B29400878205 /* wireXXXB.png in Resources */,
				A8C349F719F8B29400878205 /* wireLRXX.png in Resources */,
				A8C349F619F8B29400878205 /* wireLRXB.png in Resources */,
				A8C34A0319F8B29400878205 /* wireXXXX.png in Resources */,
				A8C349F519F8B29400878205 /* wireLRTX.png in Resources */,
				A8C349A019F89B4900878205 /* Main.storyboard in Resources */,
				A8C349E219F8B26300878205 /* batteryPosXRXB.png in Resources */,
				A8C349D319F8A38300878205 /* test0 in Resources */,
				A8C349F919F8B29400878205 /* wireLXTX.png in Resources */,
				A8C349FA19F8B29400878205 /* wireLXXB.png in Resources */,
				A8C349FE19F8B29400878205 /* wireXRXB.png in Resources */,
				A8C34A0B19F8B2AA00878205 /* bulb_short.png in Resources */,
				A8C349A519F89B4900878205 /* LaunchScreen.xib in Resources */,
				A8C34A0019F8B29400878205 /* wireXXTB.png in Resources */,
				A8C349FF19F8B29400878205 /* wireXRXX.png in Resources */,
				A8C349E119F8B26300878205 /* batteryPosXRTX.png in Resources */,
				A8C349FB19F8B29400878205 /* wireLXXX.png in Resources */,
				A8C349DC19F8B26300878205 /* batteryNegLRXX.png in Resources */,
				A8C349F419F8B29400878205 /* wireLRTB.png in Resources */,
				A8C349DF19F8B26300878205 /* batteryNegLXXX.png in Resources */,
				A8C349A219F89B4900878205 /* Images.xcassets in Resources */,
				A8C349F819F8B29400878205 /* wireLXTB.png in Resources */,
			);
			runOnlyForDeploymentPostprocessing = 0;
		};
		A8C349A819F89B4900878205 /* Resources */ = {
			isa = PBXResourcesBuildPhase;
			buildActionMask = 2147483647;
			files = (
			);
			runOnlyForDeploymentPostprocessing = 0;
		};
/* End PBXResourcesBuildPhase section */

/* Begin PBXSourcesBuildPhase section */
		A8C3498D19F89B4900878205 /* Sources */ = {
			isa = PBXSourcesBuildPhase;
			buildActionMask = 2147483647;
			files = (
				A8C349CB19F89F5900878205 /* Switch.m in Sources */,
				A8C349D119F89F7E00878205 /* Wire.m in Sources */,
				A8C349C519F89F0800878205 /* Grid.m in Sources */,
				A8C349C819F89F4500878205 /* GameModel.m in Sources */,
				A8C349BC19F89C1D00878205 /* GameViewController.m in Sources */,
				A8C3499D19F89B4900878205 /* ViewController.m in Sources */,
				A8C3499A19F89B4900878205 /* AppDelegate.m in Sources */,
				A8C349CE19F89F6B00878205 /* Bulb.m in Sources */,
				A8C3499719F89B4900878205 /* main.m in Sources */,
			);
			runOnlyForDeploymentPostprocessing = 0;
		};
		A8C349A619F89B4900878205 /* Sources */ = {
			isa = PBXSourcesBuildPhase;
			buildActionMask = 2147483647;
			files = (
				A8C349B119F89B4900878205 /* PowerUPAlphaTests.m in Sources */,
			);
			runOnlyForDeploymentPostprocessing = 0;
		};
/* End PBXSourcesBuildPhase section */

/* Begin PBXTargetDependency section */
		A8C349AC19F89B4900878205 /* PBXTargetDependency */ = {
			isa = PBXTargetDependency;
			target = A8C3499019F89B4900878205 /* PowerUPAlpha */;
			targetProxy = A8C349AB19F89B4900878205 /* PBXContainerItemProxy */;
		};
/* End PBXTargetDependency section */

/* Begin PBXVariantGroup section */
		A8C3499E19F89B4900878205 /* Main.storyboard */ = {
			isa = PBXVariantGroup;
			children = (
				A8C3499F19F89B4900878205 /* Base */,
			);
			name = Main.storyboard;
			sourceTree = "<group>";
		};
		A8C349A319F89B4900878205 /* LaunchScreen.xib */ = {
			isa = PBXVariantGroup;
			children = (
				A8C349A419F89B4900878205 /* Base */,
			);
			name = LaunchScreen.xib;
			sourceTree = "<group>";
		};
/* End PBXVariantGroup section */

/* Begin XCBuildConfiguration section */
		A8C349B219F89B4900878205 /* Debug */ = {
			isa = XCBuildConfiguration;
			buildSettings = {
				ALWAYS_SEARCH_USER_PATHS = NO;
				CLANG_CXX_LANGUAGE_STANDARD = "gnu++0x";
				CLANG_CXX_LIBRARY = "libc++";
				CLANG_ENABLE_MODULES = YES;
				CLANG_ENABLE_OBJC_ARC = YES;
				CLANG_WARN_BOOL_CONVERSION = YES;
				CLANG_WARN_CONSTANT_CONVERSION = YES;
				CLANG_WARN_DIRECT_OBJC_ISA_USAGE = YES_ERROR;
				CLANG_WARN_EMPTY_BODY = YES;
				CLANG_WARN_ENUM_CONVERSION = YES;
				CLANG_WARN_INT_CONVERSION = YES;
				CLANG_WARN_OBJC_ROOT_CLASS = YES_ERROR;
				CLANG_WARN_UNREACHABLE_CODE = YES;
				CLANG_WARN__DUPLICATE_METHOD_MATCH = YES;
				"CODE_SIGN_IDENTITY[sdk=iphoneos*]" = "iPhone Developer";
				COPY_PHASE_STRIP = NO;
				ENABLE_STRICT_OBJC_MSGSEND = YES;
				GCC_C_LANGUAGE_STANDARD = gnu99;
				GCC_DYNAMIC_NO_PIC = NO;
				GCC_OPTIMIZATION_LEVEL = 0;
				GCC_PREPROCESSOR_DEFINITIONS = (
					"DEBUG=1",
					"$(inherited)",
				);
				GCC_SYMBOLS_PRIVATE_EXTERN = NO;
				GCC_WARN_64_TO_32_BIT_CONVERSION = YES;
				GCC_WARN_ABOUT_RETURN_TYPE = YES_ERROR;
				GCC_WARN_UNDECLARED_SELECTOR = YES;
				GCC_WARN_UNINITIALIZED_AUTOS = YES_AGGRESSIVE;
				GCC_WARN_UNUSED_FUNCTION = YES;
				GCC_WARN_UNUSED_VARIABLE = YES;
				IPHONEOS_DEPLOYMENT_TARGET = 8.0;
				MTL_ENABLE_DEBUG_INFO = YES;
				ONLY_ACTIVE_ARCH = YES;
				SDKROOT = iphoneos;
				TARGETED_DEVICE_FAMILY = "1,2";
			};
			name = Debug;
		};
		A8C349B319F89B4900878205 /* Release */ = {
			isa = XCBuildConfiguration;
			buildSettings = {
				ALWAYS_SEARCH_USER_PATHS = NO;
				CLANG_CXX_LANGUAGE_STANDARD = "gnu++0x";
				CLANG_CXX_LIBRARY = "libc++";
				CLANG_ENABLE_MODULES = YES;
				CLANG_ENABLE_OBJC_ARC = YES;
				CLANG_WARN_BOOL_CONVERSION = YES;
				CLANG_WARN_CONSTANT_CONVERSION = YES;
				CLANG_WARN_DIRECT_OBJC_ISA_USAGE = YES_ERROR;
				CLANG_WARN_EMPTY_BODY = YES;
				CLANG_WARN_ENUM_CONVERSION = YES;
				CLANG_WARN_INT_CONVERSION = YES;
				CLANG_WARN_OBJC_ROOT_CLASS = YES_ERROR;
				CLANG_WARN_UNREACHABLE_CODE = YES;
				CLANG_WARN__DUPLICATE_METHOD_MATCH = YES;
				"CODE_SIGN_IDENTITY[sdk=iphoneos*]" = "iPhone Developer";
				COPY_PHASE_STRIP = YES;
				ENABLE_NS_ASSERTIONS = NO;
				ENABLE_STRICT_OBJC_MSGSEND = YES;
				GCC_C_LANGUAGE_STANDARD = gnu99;
				GCC_WARN_64_TO_32_BIT_CONVERSION = YES;
				GCC_WARN_ABOUT_RETURN_TYPE = YES_ERROR;
				GCC_WARN_UNDECLARED_SELECTOR = YES;
				GCC_WARN_UNINITIALIZED_AUTOS = YES_AGGRESSIVE;
				GCC_WARN_UNUSED_FUNCTION = YES;
				GCC_WARN_UNUSED_VARIABLE = YES;
				IPHONEOS_DEPLOYMENT_TARGET = 8.0;
				MTL_ENABLE_DEBUG_INFO = NO;
				SDKROOT = iphoneos;
				TARGETED_DEVICE_FAMILY = "1,2";
				VALIDATE_PRODUCT = YES;
			};
			name = Release;
		};
		A8C349B519F89B4900878205 /* Debug */ = {
			isa = XCBuildConfiguration;
			buildSettings = {
				ASSETCATALOG_COMPILER_APPICON_NAME = AppIcon;
				INFOPLIST_FILE = PowerUPAlpha/Info.plist;
				LD_RUNPATH_SEARCH_PATHS = "$(inherited) @executable_path/Frameworks";
				PRODUCT_NAME = "$(TARGET_NAME)";
			};
			name = Debug;
		};
		A8C349B619F89B4900878205 /* Release */ = {
			isa = XCBuildConfiguration;
			buildSettings = {
				ASSETCATALOG_COMPILER_APPICON_NAME = AppIcon;
				INFOPLIST_FILE = PowerUPAlpha/Info.plist;
				LD_RUNPATH_SEARCH_PATHS = "$(inherited) @executable_path/Frameworks";
				PRODUCT_NAME = "$(TARGET_NAME)";
			};
			name = Release;
		};
		A8C349B819F89B4900878205 /* Debug */ = {
			isa = XCBuildConfiguration;
			buildSettings = {
				BUNDLE_LOADER = "$(TEST_HOST)";
				FRAMEWORK_SEARCH_PATHS = (
					"$(SDKROOT)/Developer/Library/Frameworks",
					"$(inherited)",
				);
				GCC_PREPROCESSOR_DEFINITIONS = (
					"DEBUG=1",
					"$(inherited)",
				);
				INFOPLIST_FILE = PowerUPAlphaTests/Info.plist;
				LD_RUNPATH_SEARCH_PATHS = "$(inherited) @executable_path/Frameworks @loader_path/Frameworks";
				PRODUCT_NAME = "$(TARGET_NAME)";
				TEST_HOST = "$(BUILT_PRODUCTS_DIR)/PowerUPAlpha.app/PowerUPAlpha";
			};
			name = Debug;
		};
		A8C349B919F89B4900878205 /* Release */ = {
			isa = XCBuildConfiguration;
			buildSettings = {
				BUNDLE_LOADER = "$(TEST_HOST)";
				FRAMEWORK_SEARCH_PATHS = (
					"$(SDKROOT)/Developer/Library/Frameworks",
					"$(inherited)",
				);
				INFOPLIST_FILE = PowerUPAlphaTests/Info.plist;
				LD_RUNPATH_SEARCH_PATHS = "$(inherited) @executable_path/Frameworks @loader_path/Frameworks";
				PRODUCT_NAME = "$(TARGET_NAME)";
				TEST_HOST = "$(BUILT_PRODUCTS_DIR)/PowerUPAlpha.app/PowerUPAlpha";
			};
			name = Release;
		};
/* End XCBuildConfiguration section */

/* Begin XCConfigurationList section */
		A8C3498C19F89B4900878205 /* Build configuration list for PBXProject "PowerUPAlpha" */ = {
			isa = XCConfigurationList;
			buildConfigurations = (
				A8C349B219F89B4900878205 /* Debug */,
				A8C349B319F89B4900878205 /* Release */,
			);
			defaultConfigurationIsVisible = 0;
			defaultConfigurationName = Release;
		};
		A8C349B419F89B4900878205 /* Build configuration list for PBXNativeTarget "PowerUPAlpha" */ = {
			isa = XCConfigurationList;
			buildConfigurations = (
				A8C349B519F89B4900878205 /* Debug */,
				A8C349B619F89B4900878205 /* Release */,
			);
			defaultConfigurationIsVisible = 0;
		};
		A8C349B719F89B4900878205 /* Build configuration list for PBXNativeTarget "PowerUPAlphaTests" */ = {
			isa = XCConfigurationList;
			buildConfigurations = (
				A8C349B819F89B4900878205 /* Debug */,
				A8C349B919F89B4900878205 /* Release */,
			);
			defaultConfigurationIsVisible = 0;
		};
/* End XCConfigurationList section */
	};
	rootObject = A8C3498919F89B4900878205 /* Project object */;
}
