<?xml version="1.0" encoding="UTF-8"?>
<Scheme
   version = "1.3">
   <BuildAction>
      <BuildActionEntries>
         <BuildActionEntry
            buildForRunning = "YES">
            <BuildableReference
               BuildableIdentifier = "primary"
               BlueprintIdentifier = "A84F7EFF19FDC1C6001AEC0D"
               BuildableName = "PowerUP.app"
               BlueprintName = "PowerUP"
               ReferencedContainer = "container:PowerUP.xcodeproj">
            </BuildableReference>
         </BuildActionEntry>
      </BuildActionEntries>
   </BuildAction>
   <LaunchAction
      useCustomWorkingDirectory = "NO"
      buildConfiguration = "Debug">
      <BuildableProductRunnable>
         <BuildableReference
            BuildableIdentifier = "primary"
            BlueprintIdentifier = "A84F7EFF19FDC1C6001AEC0D"
            BuildableName = "PowerUP.app"
            BlueprintName = "PowerUP"
            ReferencedContainer = "container:PowerUP.xcodeproj">
         </BuildableReference>
      </BuildableProductRunnable>
   </LaunchAction>
</Scheme>
