// !$*UTF8*$!
{
	archiveVersion = 1;
	classes = {
	};
	objectVersion = 46;
	objects = {

/* Begin PBXAggregateTarget section */
		A8E910201A070F1500E591BE /* OCLint */ = {
			isa = PBXAggregateTarget;
			buildConfigurationList = A8E910231A070F1500E591BE /* Build configuration list for PBXAggregateTarget "OCLint" */;
			buildPhases = (
				A8E910241A070F2B00E591BE /* ShellScript */,
			);
			dependencies = (
			);
			name = OCLint;
			productName = OCLint;
		};
/* End PBXAggregateTarget section */

/* Begin PBXBuildFile section */
		5BEF17321A0EC1AB00354C84 /* Laser.m in Sources */ = {isa = PBXBuildFile; fileRef = 5BEF17311A0EC1AB00354C84 /* Laser.m */; };
		5BEF17351A0EC1C800354C84 /* Emitter.m in Sources */ = {isa = PBXBuildFile; fileRef = 5BEF17341A0EC1C800354C84 /* Emitter.m */; };
		5BEF17381A0EC1E500354C84 /* Deflector.m in Sources */ = {isa = PBXBuildFile; fileRef = 5BEF17371A0EC1E500354C84 /* Deflector.m */; };
		5BEF173B1A0EC79600354C84 /* Receiver.m in Sources */ = {isa = PBXBuildFile; fileRef = 5BEF173A1A0EC79600354C84 /* Receiver.m */; };
		5BEF173D1A0F252F00354C84 /* level5 in Resources */ = {isa = PBXBuildFile; fileRef = 5BEF173C1A0F252F00354C84 /* level5 */; };
		5BEF17481A0F2DAE00354C84 /* receiverBottomLRXX.png in Resources */ = {isa = PBXBuildFile; fileRef = 5BEF17401A0F2DAE00354C84 /* receiverBottomLRXX.png */; };
		5BEF17491A0F2DAE00354C84 /* receiverBottomLRXXon.png in Resources */ = {isa = PBXBuildFile; fileRef = 5BEF17411A0F2DAE00354C84 /* receiverBottomLRXXon.png */; };
		5BEF174A1A0F2DAE00354C84 /* receiverLeftXXTB.png in Resources */ = {isa = PBXBuildFile; fileRef = 5BEF17421A0F2DAE00354C84 /* receiverLeftXXTB.png */; };
		5BEF174B1A0F2DAE00354C84 /* receiverLeftXXTBon.png in Resources */ = {isa = PBXBuildFile; fileRef = 5BEF17431A0F2DAE00354C84 /* receiverLeftXXTBon.png */; };
		5BEF174C1A0F2DAE00354C84 /* receiverRightXXTB.png in Resources */ = {isa = PBXBuildFile; fileRef = 5BEF17441A0F2DAE00354C84 /* receiverRightXXTB.png */; };
		5BEF174D1A0F2DAE00354C84 /* receiverRightXXTBon.png in Resources */ = {isa = PBXBuildFile; fileRef = 5BEF17451A0F2DAE00354C84 /* receiverRightXXTBon.png */; };
		5BEF174E1A0F2DAE00354C84 /* receiverTopLRXX.png in Resources */ = {isa = PBXBuildFile; fileRef = 5BEF17461A0F2DAE00354C84 /* receiverTopLRXX.png */; };
		5BEF174F1A0F2DAE00354C84 /* receiverTopLRXXon.png in Resources */ = {isa = PBXBuildFile; fileRef = 5BEF17471A0F2DAE00354C84 /* receiverTopLRXXon.png */; };
		A84F7F0619FDC1C6001AEC0D /* main.m in Sources */ = {isa = PBXBuildFile; fileRef = A84F7F0519FDC1C6001AEC0D /* main.m */; };
		A84F7F0919FDC1C6001AEC0D /* AppDelegate.m in Sources */ = {isa = PBXBuildFile; fileRef = A84F7F0819FDC1C6001AEC0D /* AppDelegate.m */; };
		A84F7F0C19FDC1C6001AEC0D /* ViewController.m in Sources */ = {isa = PBXBuildFile; fileRef = A84F7F0B19FDC1C6001AEC0D /* ViewController.m */; };
		A84F7F0F19FDC1C6001AEC0D /* Main.storyboard in Resources */ = {isa = PBXBuildFile; fileRef = A84F7F0D19FDC1C6001AEC0D /* Main.storyboard */; };
		A84F7F1119FDC1C6001AEC0D /* Images.xcassets in Resources */ = {isa = PBXBuildFile; fileRef = A84F7F1019FDC1C6001AEC0D /* Images.xcassets */; };
		A84F7F1419FDC1C6001AEC0D /* LaunchScreen.xib in Resources */ = {isa = PBXBuildFile; fileRef = A84F7F1219FDC1C6001AEC0D /* LaunchScreen.xib */; };
		A84F7F2019FDC1C6001AEC0D /* GameModelTests.m in Sources */ = {isa = PBXBuildFile; fileRef = A84F7F1F19FDC1C6001AEC0D /* GameModelTests.m */; };
		A86321971A0B540A00ED1F5C /* blank.png in Resources */ = {isa = PBXBuildFile; fileRef = A86321961A0B540A00ED1F5C /* blank.png */; };
		A86E10CB1A005B1E0029011B /* Battery.m in Sources */ = {isa = PBXBuildFile; fileRef = A86E10BA1A005B1E0029011B /* Battery.m */; };
		A86E10CC1A005B1E0029011B /* Bulb.m in Sources */ = {isa = PBXBuildFile; fileRef = A86E10BC1A005B1E0029011B /* Bulb.m */; };
		A86E10CD1A005B1E0029011B /* GameModel.m in Sources */ = {isa = PBXBuildFile; fileRef = A86E10BE1A005B1E0029011B /* GameModel.m */; };
		A86E10CE1A005B1E0029011B /* GameViewController.m in Sources */ = {isa = PBXBuildFile; fileRef = A86E10C01A005B1E0029011B /* GameViewController.m */; };
		A86E10CF1A005B1E0029011B /* Grid.m in Sources */ = {isa = PBXBuildFile; fileRef = A86E10C21A005B1E0029011B /* Grid.m */; };
		A86E10D01A005B1E0029011B /* LevelViewController.m in Sources */ = {isa = PBXBuildFile; fileRef = A86E10C41A005B1E0029011B /* LevelViewController.m */; };
		A86E10D11A005B1E0029011B /* MenuViewController.m in Sources */ = {isa = PBXBuildFile; fileRef = A86E10C61A005B1E0029011B /* MenuViewController.m */; };
		A86E10D21A005B1E0029011B /* Switch.m in Sources */ = {isa = PBXBuildFile; fileRef = A86E10C81A005B1E0029011B /* Switch.m */; };
		A86E10D31A005B1E0029011B /* Wire.m in Sources */ = {isa = PBXBuildFile; fileRef = A86E10CA1A005B1E0029011B /* Wire.m */; };
		A86E10D71A005C4E0029011B /* level0 in Resources */ = {isa = PBXBuildFile; fileRef = A86E10D41A005C4E0029011B /* level0 */; };
		A86E10D81A005C4E0029011B /* level1 in Resources */ = {isa = PBXBuildFile; fileRef = A86E10D51A005C4E0029011B /* level1 */; };
		A86E10D91A005C4E0029011B /* level2 in Resources */ = {isa = PBXBuildFile; fileRef = A86E10D61A005C4E0029011B /* level2 */; };
		A86E10DC1A0073C80029011B /* Bomb.m in Sources */ = {isa = PBXBuildFile; fileRef = A86E10DB1A0073C80029011B /* Bomb.m */; };
		A893D7601A01E94F0004F539 /* beep-attention.aif in Resources */ = {isa = PBXBuildFile; fileRef = A893D75C1A01E94F0004F539 /* beep-attention.aif */; };
		A893D7611A01E94F0004F539 /* beep-rejected.aif in Resources */ = {isa = PBXBuildFile; fileRef = A893D75D1A01E94F0004F539 /* beep-rejected.aif */; };
		A893D7621A01E94F0004F539 /* beep-warmguitar.aif in Resources */ = {isa = PBXBuildFile; fileRef = A893D75E1A01E94F0004F539 /* beep-warmguitar.aif */; };
		A893D7631A01E94F0004F539 /* slide-magic.aif in Resources */ = {isa = PBXBuildFile; fileRef = A893D75F1A01E94F0004F539 /* slide-magic.aif */; };
		A8C2D56A1A12084A008DD69D /* bomb-02.wav in Resources */ = {isa = PBXBuildFile; fileRef = A8C2D5681A12084A008DD69D /* bomb-02.wav */; };
		A8C2D56B1A12084A008DD69D /* mouse-doubleclick-02.wav in Resources */ = {isa = PBXBuildFile; fileRef = A8C2D5691A12084A008DD69D /* mouse-doubleclick-02.wav */; };
		A8E84DDF1A043DA90076501D /* beep-horn.aif in Resources */ = {isa = PBXBuildFile; fileRef = A8E84DDE1A043DA90076501D /* beep-horn.aif */; };
		A8E84DE11A0591480076501D /* level3 in Resources */ = {isa = PBXBuildFile; fileRef = A8E84DE01A0591480076501D /* level3 */; };
		A8E9101F1A06FA7100E591BE /* level4 in Resources */ = {isa = PBXBuildFile; fileRef = A8E9101E1A06FA7100E591BE /* level4 */; };
		A8E910271A07278200E591BE /* level-3 in Resources */ = {isa = PBXBuildFile; fileRef = A8E910261A07278200E591BE /* level-3 */; };
		A8E9108D1A081F6800E591BE /* batteryNeg.pxm in Resources */ = {isa = PBXBuildFile; fileRef = A8E9102A1A081F6700E591BE /* batteryNeg.pxm */; };
		A8E9108E1A081F6800E591BE /* batteryNegXRXX.png in Resources */ = {isa = PBXBuildFile; fileRef = A8E9102B1A081F6700E591BE /* batteryNegXRXX.png */; };
		A8E9108F1A081F6800E591BE /* batteryNegXRXXon.png in Resources */ = {isa = PBXBuildFile; fileRef = A8E9102C1A081F6700E591BE /* batteryNegXRXXon.png */; };
		A8E910901A081F6800E591BE /* batteryNegXRXXshort.png in Resources */ = {isa = PBXBuildFile; fileRef = A8E9102D1A081F6700E591BE /* batteryNegXRXXshort.png */; };
		A8E910911A081F6800E591BE /* batteryNegXXTX.png in Resources */ = {isa = PBXBuildFile; fileRef = A8E9102E1A081F6700E591BE /* batteryNegXXTX.png */; };
		A8E910921A081F6800E591BE /* batteryNegXXTXon.png in Resources */ = {isa = PBXBuildFile; fileRef = A8E9102F1A081F6800E591BE /* batteryNegXXTXon.png */; };
		A8E910931A081F6800E591BE /* batteryNegXXTXshort.png in Resources */ = {isa = PBXBuildFile; fileRef = A8E910301A081F6800E591BE /* batteryNegXXTXshort.png */; };
		A8E910941A081F6800E591BE /* batteryNegXXXB.png in Resources */ = {isa = PBXBuildFile; fileRef = A8E910311A081F6800E591BE /* batteryNegXXXB.png */; };
		A8E910951A081F6800E591BE /* batteryNegXXXBon.png in Resources */ = {isa = PBXBuildFile; fileRef = A8E910321A081F6800E591BE /* batteryNegXXXBon.png */; };
		A8E910961A081F6800E591BE /* batteryNegXXXBshort.png in Resources */ = {isa = PBXBuildFile; fileRef = A8E910331A081F6800E591BE /* batteryNegXXXBshort.png */; };
		A8E910971A081F6800E591BE /* batteryPos.pxm in Resources */ = {isa = PBXBuildFile; fileRef = A8E910341A081F6800E591BE /* batteryPos.pxm */; };
		A8E910981A081F6800E591BE /* batteryPosLXXX.png in Resources */ = {isa = PBXBuildFile; fileRef = A8E910351A081F6800E591BE /* batteryPosLXXX.png */; };
		A8E910991A081F6800E591BE /* batteryPosLXXXon.png in Resources */ = {isa = PBXBuildFile; fileRef = A8E910361A081F6800E591BE /* batteryPosLXXXon.png */; };
		A8E9109A1A081F6800E591BE /* batteryPosLXXXshort.png in Resources */ = {isa = PBXBuildFile; fileRef = A8E910371A081F6800E591BE /* batteryPosLXXXshort.png */; };
		A8E9109B1A081F6800E591BE /* batteryPosXXTX.png in Resources */ = {isa = PBXBuildFile; fileRef = A8E910381A081F6800E591BE /* batteryPosXXTX.png */; };
		A8E9109C1A081F6800E591BE /* batteryPosXXTXon.png in Resources */ = {isa = PBXBuildFile; fileRef = A8E910391A081F6800E591BE /* batteryPosXXTXon.png */; };
		A8E9109D1A081F6800E591BE /* batteryPosXXTXshort.png in Resources */ = {isa = PBXBuildFile; fileRef = A8E9103A1A081F6800E591BE /* batteryPosXXTXshort.png */; };
		A8E9109E1A081F6800E591BE /* batteryPosXXXB.png in Resources */ = {isa = PBXBuildFile; fileRef = A8E9103B1A081F6800E591BE /* batteryPosXXXB.png */; };
		A8E9109F1A081F6800E591BE /* batteryPosXXXBon.png in Resources */ = {isa = PBXBuildFile; fileRef = A8E9103C1A081F6800E591BE /* batteryPosXXXBon.png */; };
		A8E910A01A081F6800E591BE /* batteryPosXXXBshort.png in Resources */ = {isa = PBXBuildFile; fileRef = A8E9103D1A081F6800E591BE /* batteryPosXXXBshort.png */; };
		A8E910A11A081F6800E591BE /* bulb.png in Resources */ = {isa = PBXBuildFile; fileRef = A8E9103F1A081F6800E591BE /* bulb.png */; };
		A8E910A21A081F6800E591BE /* bulb.pxm in Resources */ = {isa = PBXBuildFile; fileRef = A8E910401A081F6800E591BE /* bulb.pxm */; };
		A8E910A31A081F6800E591BE /* bulbon.png in Resources */ = {isa = PBXBuildFile; fileRef = A8E910411A081F6800E591BE /* bulbon.png */; };
		A8E910A41A081F6800E591BE /* deflector.pxm in Resources */ = {isa = PBXBuildFile; fileRef = A8E910431A081F6800E591BE /* deflector.pxm */; };
		A8E910A51A081F6800E591BE /* deflectorLXTX.png in Resources */ = {isa = PBXBuildFile; fileRef = A8E910441A081F6800E591BE /* deflectorLXTX.png */; };
		A8E910A61A081F6800E591BE /* deflectorLXTXon.png in Resources */ = {isa = PBXBuildFile; fileRef = A8E910451A081F6800E591BE /* deflectorLXTXon.png */; };
		A8E910A71A081F6800E591BE /* deflectorLXXB.png in Resources */ = {isa = PBXBuildFile; fileRef = A8E910461A081F6800E591BE /* deflectorLXXB.png */; };
		A8E910A81A081F6800E591BE /* deflectorLXXBon.png in Resources */ = {isa = PBXBuildFile; fileRef = A8E910471A081F6800E591BE /* deflectorLXXBon.png */; };
		A8E910A91A081F6800E591BE /* deflectorXRTX.png in Resources */ = {isa = PBXBuildFile; fileRef = A8E910481A081F6800E591BE /* deflectorXRTX.png */; };
		A8E910AA1A081F6800E591BE /* deflectorXRTXon.png in Resources */ = {isa = PBXBuildFile; fileRef = A8E910491A081F6800E591BE /* deflectorXRTXon.png */; };
		A8E910AB1A081F6800E591BE /* deflectorXRXB.png in Resources */ = {isa = PBXBuildFile; fileRef = A8E9104A1A081F6800E591BE /* deflectorXRXB.png */; };
		A8E910AC1A081F6800E591BE /* deflectorXRXBon.png in Resources */ = {isa = PBXBuildFile; fileRef = A8E9104B1A081F6800E591BE /* deflectorXRXBon.png */; };
		A8E910AD1A081F6800E591BE /* emitter.pxm in Resources */ = {isa = PBXBuildFile; fileRef = A8E9104D1A081F6800E591BE /* emitter.pxm */; };
		A8E910AE1A081F6800E591BE /* emitterBottomLRTX.png in Resources */ = {isa = PBXBuildFile; fileRef = A8E9104E1A081F6800E591BE /* emitterBottomLRTX.png */; };
		A8E910AF1A081F6800E591BE /* emitterBottomLRTXon.png in Resources */ = {isa = PBXBuildFile; fileRef = A8E9104F1A081F6800E591BE /* emitterBottomLRTXon.png */; };
		A8E910B01A081F6800E591BE /* emitterBottomLRXX.png in Resources */ = {isa = PBXBuildFile; fileRef = A8E910501A081F6800E591BE /* emitterBottomLRXX.png */; };
		A8E910B11A081F6800E591BE /* emitterBottomLRXXon.png in Resources */ = {isa = PBXBuildFile; fileRef = A8E910511A081F6800E591BE /* emitterBottomLRXXon.png */; };
		A8E910B21A081F6800E591BE /* emitterBottomLXTX.png in Resources */ = {isa = PBXBuildFile; fileRef = A8E910521A081F6800E591BE /* emitterBottomLXTX.png */; };
		A8E910B31A081F6800E591BE /* emitterBottomLXTXon.png in Resources */ = {isa = PBXBuildFile; fileRef = A8E910531A081F6800E591BE /* emitterBottomLXTXon.png */; };
		A8E910B41A081F6800E591BE /* emitterBottomXRTX.png in Resources */ = {isa = PBXBuildFile; fileRef = A8E910541A081F6800E591BE /* emitterBottomXRTX.png */; };
		A8E910B51A081F6800E591BE /* emitterBottomXRTXon.png in Resources */ = {isa = PBXBuildFile; fileRef = A8E910551A081F6800E591BE /* emitterBottomXRTXon.png */; };
		A8E910B61A081F6800E591BE /* emitterLeftXRTB.png in Resources */ = {isa = PBXBuildFile; fileRef = A8E910561A081F6800E591BE /* emitterLeftXRTB.png */; };
		A8E910B71A081F6800E591BE /* emitterLeftXRTBon.png in Resources */ = {isa = PBXBuildFile; fileRef = A8E910571A081F6800E591BE /* emitterLeftXRTBon.png */; };
		A8E910B81A081F6800E591BE /* emitterLeftXRTX.png in Resources */ = {isa = PBXBuildFile; fileRef = A8E910581A081F6800E591BE /* emitterLeftXRTX.png */; };
		A8E910B91A081F6800E591BE /* emitterLeftXRTXon.png in Resources */ = {isa = PBXBuildFile; fileRef = A8E910591A081F6800E591BE /* emitterLeftXRTXon.png */; };
		A8E910BA1A081F6800E591BE /* emitterLeftXRXB.png in Resources */ = {isa = PBXBuildFile; fileRef = A8E9105A1A081F6800E591BE /* emitterLeftXRXB.png */; };
		A8E910BB1A081F6800E591BE /* emitterLeftXRXBon.png in Resources */ = {isa = PBXBuildFile; fileRef = A8E9105B1A081F6800E591BE /* emitterLeftXRXBon.png */; };
		A8E910BC1A081F6800E591BE /* emitterLeftXXTB.png in Resources */ = {isa = PBXBuildFile; fileRef = A8E9105C1A081F6800E591BE /* emitterLeftXXTB.png */; };
		A8E910BD1A081F6800E591BE /* emitterLeftXXTBon.png in Resources */ = {isa = PBXBuildFile; fileRef = A8E9105D1A081F6800E591BE /* emitterLeftXXTBon.png */; };
		A8E910BE1A081F6800E591BE /* emitterRightLXTB.png in Resources */ = {isa = PBXBuildFile; fileRef = A8E9105E1A081F6800E591BE /* emitterRightLXTB.png */; };
		A8E910BF1A081F6800E591BE /* emitterRightLXTBon.png in Resources */ = {isa = PBXBuildFile; fileRef = A8E9105F1A081F6800E591BE /* emitterRightLXTBon.png */; };
		A8E910C01A081F6800E591BE /* emitterRightLXTX.png in Resources */ = {isa = PBXBuildFile; fileRef = A8E910601A081F6800E591BE /* emitterRightLXTX.png */; };
		A8E910C11A081F6800E591BE /* emitterRightLXTXon.png in Resources */ = {isa = PBXBuildFile; fileRef = A8E910611A081F6800E591BE /* emitterRightLXTXon.png */; };
		A8E910C21A081F6800E591BE /* emitterRightLXXB.png in Resources */ = {isa = PBXBuildFile; fileRef = A8E910621A081F6800E591BE /* emitterRightLXXB.png */; };
		A8E910C31A081F6800E591BE /* emitterRightLXXBon.png in Resources */ = {isa = PBXBuildFile; fileRef = A8E910631A081F6800E591BE /* emitterRightLXXBon.png */; };
		A8E910C41A081F6800E591BE /* emitterRightXXTB.png in Resources */ = {isa = PBXBuildFile; fileRef = A8E910641A081F6800E591BE /* emitterRightXXTB.png */; };
		A8E910C51A081F6800E591BE /* emitterRightXXTBon.png in Resources */ = {isa = PBXBuildFile; fileRef = A8E910651A081F6800E591BE /* emitterRightXXTBon.png */; };
		A8E910C61A081F6800E591BE /* emitterTopLRXB.png in Resources */ = {isa = PBXBuildFile; fileRef = A8E910661A081F6800E591BE /* emitterTopLRXB.png */; };
		A8E910C71A081F6800E591BE /* emitterTopLRXBon.png in Resources */ = {isa = PBXBuildFile; fileRef = A8E910671A081F6800E591BE /* emitterTopLRXBon.png */; };
		A8E910C81A081F6800E591BE /* emitterTopLRXX.png in Resources */ = {isa = PBXBuildFile; fileRef = A8E910681A081F6800E591BE /* emitterTopLRXX.png */; };
		A8E910C91A081F6800E591BE /* emitterTopLRXXon.png in Resources */ = {isa = PBXBuildFile; fileRef = A8E910691A081F6800E591BE /* emitterTopLRXXon.png */; };
		A8E910CA1A081F6800E591BE /* emitterTopLXXB.png in Resources */ = {isa = PBXBuildFile; fileRef = A8E9106A1A081F6800E591BE /* emitterTopLXXB.png */; };
		A8E910CB1A081F6800E591BE /* emitterTopLXXBon.png in Resources */ = {isa = PBXBuildFile; fileRef = A8E9106B1A081F6800E591BE /* emitterTopLXXBon.png */; };
		A8E910CC1A081F6800E591BE /* emitterTopXRXB.png in Resources */ = {isa = PBXBuildFile; fileRef = A8E9106C1A081F6800E591BE /* emitterTopXRXB.png */; };
		A8E910CD1A081F6800E591BE /* emitterTopXRXBon.png in Resources */ = {isa = PBXBuildFile; fileRef = A8E9106D1A081F6800E591BE /* emitterTopXRXBon.png */; };
		A8E910CE1A081F6800E591BE /* laser.pxm in Resources */ = {isa = PBXBuildFile; fileRef = A8E9106F1A081F6800E591BE /* laser.pxm */; };
		A8E910CF1A081F6800E591BE /* laserLRXX.png in Resources */ = {isa = PBXBuildFile; fileRef = A8E910701A081F6800E591BE /* laserLRXX.png */; };
		A8E910D01A081F6800E591BE /* laserXXTB.png in Resources */ = {isa = PBXBuildFile; fileRef = A8E910711A081F6800E591BE /* laserXXTB.png */; };
		A8E910D11A081F6800E591BE /* wire.pxm in Resources */ = {isa = PBXBuildFile; fileRef = A8E910731A081F6800E591BE /* wire.pxm */; };
		A8E910D21A081F6800E591BE /* wireLRTX.png in Resources */ = {isa = PBXBuildFile; fileRef = A8E910741A081F6800E591BE /* wireLRTX.png */; };
		A8E910D31A081F6800E591BE /* wireLRTXon.png in Resources */ = {isa = PBXBuildFile; fileRef = A8E910751A081F6800E591BE /* wireLRTXon.png */; };
		A8E910D41A081F6800E591BE /* wireLRXB.png in Resources */ = {isa = PBXBuildFile; fileRef = A8E910761A081F6800E591BE /* wireLRXB.png */; };
		A8E910D51A081F6800E591BE /* wireLRXBon.png in Resources */ = {isa = PBXBuildFile; fileRef = A8E910771A081F6800E591BE /* wireLRXBon.png */; };
		A8E910D61A081F6800E591BE /* wireLRXX.png in Resources */ = {isa = PBXBuildFile; fileRef = A8E910781A081F6800E591BE /* wireLRXX.png */; };
		A8E910D71A081F6800E591BE /* wireLRXXon.png in Resources */ = {isa = PBXBuildFile; fileRef = A8E910791A081F6800E591BE /* wireLRXXon.png */; };
		A8E910D81A081F6800E591BE /* wireLXTB.png in Resources */ = {isa = PBXBuildFile; fileRef = A8E9107A1A081F6800E591BE /* wireLXTB.png */; };
		A8E910D91A081F6800E591BE /* wireLXTBon.png in Resources */ = {isa = PBXBuildFile; fileRef = A8E9107B1A081F6800E591BE /* wireLXTBon.png */; };
		A8E910DA1A081F6800E591BE /* wireLXTX.png in Resources */ = {isa = PBXBuildFile; fileRef = A8E9107C1A081F6800E591BE /* wireLXTX.png */; };
		A8E910DB1A081F6800E591BE /* wireLXTXon.png in Resources */ = {isa = PBXBuildFile; fileRef = A8E9107D1A081F6800E591BE /* wireLXTXon.png */; };
		A8E910DC1A081F6800E591BE /* wireLXXB.png in Resources */ = {isa = PBXBuildFile; fileRef = A8E9107E1A081F6800E591BE /* wireLXXB.png */; };
		A8E910DD1A081F6800E591BE /* wireLXXBon.png in Resources */ = {isa = PBXBuildFile; fileRef = A8E9107F1A081F6800E591BE /* wireLXXBon.png */; };
		A8E910DE1A081F6800E591BE /* wireLXXX.png in Resources */ = {isa = PBXBuildFile; fileRef = A8E910801A081F6800E591BE /* wireLXXX.png */; };
		A8E910DF1A081F6800E591BE /* wireXRTB.png in Resources */ = {isa = PBXBuildFile; fileRef = A8E910811A081F6800E591BE /* wireXRTB.png */; };
		A8E910E01A081F6800E591BE /* wireXRTBon.png in Resources */ = {isa = PBXBuildFile; fileRef = A8E910821A081F6800E591BE /* wireXRTBon.png */; };
		A8E910E11A081F6800E591BE /* wireXRTX.png in Resources */ = {isa = PBXBuildFile; fileRef = A8E910831A081F6800E591BE /* wireXRTX.png */; };
		A8E910E21A081F6800E591BE /* wireXRTXon.png in Resources */ = {isa = PBXBuildFile; fileRef = A8E910841A081F6800E591BE /* wireXRTXon.png */; };
		A8E910E31A081F6800E591BE /* wireXRXB.png in Resources */ = {isa = PBXBuildFile; fileRef = A8E910851A081F6800E591BE /* wireXRXB.png */; };
		A8E910E41A081F6800E591BE /* wireXRXBon.png in Resources */ = {isa = PBXBuildFile; fileRef = A8E910861A081F6800E591BE /* wireXRXBon.png */; };
		A8E910E51A081F6800E591BE /* wireXRXX.png in Resources */ = {isa = PBXBuildFile; fileRef = A8E910871A081F6800E591BE /* wireXRXX.png */; };
		A8E910E61A081F6800E591BE /* wireXXTB.png in Resources */ = {isa = PBXBuildFile; fileRef = A8E910881A081F6800E591BE /* wireXXTB.png */; };
		A8E910E71A081F6800E591BE /* wireXXTBon.png in Resources */ = {isa = PBXBuildFile; fileRef = A8E910891A081F6800E591BE /* wireXXTBon.png */; };
		A8E910E81A081F6800E591BE /* wireXXTX.png in Resources */ = {isa = PBXBuildFile; fileRef = A8E9108A1A081F6800E591BE /* wireXXTX.png */; };
		A8E910E91A081F6800E591BE /* wireXXXB.png in Resources */ = {isa = PBXBuildFile; fileRef = A8E9108B1A081F6800E591BE /* wireXXXB.png */; };
		A8E910EA1A081F6800E591BE /* wireXXXX.png in Resources */ = {isa = PBXBuildFile; fileRef = A8E9108C1A081F6800E591BE /* wireXXXX.png */; };
		C08E33F583226436092FCBF4 /* level-2 in Resources */ = {isa = PBXBuildFile; fileRef = C08E3BBDF2D1F37DE1A4AF54 /* level-2 */; };
		C08E3C51D66438CE9748FA06 /* level-1 in Resources */ = {isa = PBXBuildFile; fileRef = C08E38997C01381A4E7DF1AA /* level-1 */; };
		C08E3E456AF7E3D464D6278E /* ComponentModel.m in Sources */ = {isa = PBXBuildFile; fileRef = C08E333456A9EA36EE6BDD8B /* ComponentModel.m */; };
/* End PBXBuildFile section */

/* Begin PBXContainerItemProxy section */
		A84F7F1A19FDC1C6001AEC0D /* PBXContainerItemProxy */ = {
			isa = PBXContainerItemProxy;
			containerPortal = A84F7EF819FDC1C6001AEC0D /* Project object */;
			proxyType = 1;
			remoteGlobalIDString = A84F7EFF19FDC1C6001AEC0D;
			remoteInfo = PowerUP;
		};
/* End PBXContainerItemProxy section */

/* Begin PBXFileReference section */
		5BEF17301A0EC1AB00354C84 /* Laser.h */ = {isa = PBXFileReference; fileEncoding = 4; lastKnownFileType = sourcecode.c.h; path = Laser.h; sourceTree = "<group>"; };
		5BEF17311A0EC1AB00354C84 /* Laser.m */ = {isa = PBXFileReference; fileEncoding = 4; lastKnownFileType = sourcecode.c.objc; path = Laser.m; sourceTree = "<group>"; };
		5BEF17331A0EC1C800354C84 /* Emitter.h */ = {isa = PBXFileReference; fileEncoding = 4; lastKnownFileType = sourcecode.c.h; path = Emitter.h; sourceTree = "<group>"; };
		5BEF17341A0EC1C800354C84 /* Emitter.m */ = {isa = PBXFileReference; fileEncoding = 4; lastKnownFileType = sourcecode.c.objc; path = Emitter.m; sourceTree = "<group>"; };
		5BEF17361A0EC1E500354C84 /* Deflector.h */ = {isa = PBXFileReference; fileEncoding = 4; lastKnownFileType = sourcecode.c.h; path = Deflector.h; sourceTree = "<group>"; };
		5BEF17371A0EC1E500354C84 /* Deflector.m */ = {isa = PBXFileReference; fileEncoding = 4; lastKnownFileType = sourcecode.c.objc; path = Deflector.m; sourceTree = "<group>"; };
		5BEF17391A0EC79600354C84 /* Receiver.h */ = {isa = PBXFileReference; fileEncoding = 4; lastKnownFileType = sourcecode.c.h; path = Receiver.h; sourceTree = "<group>"; };
		5BEF173A1A0EC79600354C84 /* Receiver.m */ = {isa = PBXFileReference; fileEncoding = 4; lastKnownFileType = sourcecode.c.objc; path = Receiver.m; sourceTree = "<group>"; };
		5BEF173C1A0F252F00354C84 /* level5 */ = {isa = PBXFileReference; fileEncoding = 4; lastKnownFileType = text; path = level5; sourceTree = "<group>"; };
		5BEF17401A0F2DAE00354C84 /* receiverBottomLRXX.png */ = {isa = PBXFileReference; lastKnownFileType = image.png; name = receiverBottomLRXX.png; path = receivers1/receiverBottomLRXX.png; sourceTree = "<group>"; };
		5BEF17411A0F2DAE00354C84 /* receiverBottomLRXXon.png */ = {isa = PBXFileReference; lastKnownFileType = image.png; name = receiverBottomLRXXon.png; path = receivers1/receiverBottomLRXXon.png; sourceTree = "<group>"; };
		5BEF17421A0F2DAE00354C84 /* receiverLeftXXTB.png */ = {isa = PBXFileReference; lastKnownFileType = image.png; name = receiverLeftXXTB.png; path = receivers1/receiverLeftXXTB.png; sourceTree = "<group>"; };
		5BEF17431A0F2DAE00354C84 /* receiverLeftXXTBon.png */ = {isa = PBXFileReference; lastKnownFileType = image.png; name = receiverLeftXXTBon.png; path = receivers1/receiverLeftXXTBon.png; sourceTree = "<group>"; };
		5BEF17441A0F2DAE00354C84 /* receiverRightXXTB.png */ = {isa = PBXFileReference; lastKnownFileType = image.png; name = receiverRightXXTB.png; path = receivers1/receiverRightXXTB.png; sourceTree = "<group>"; };
		5BEF17451A0F2DAE00354C84 /* receiverRightXXTBon.png */ = {isa = PBXFileReference; lastKnownFileType = image.png; name = receiverRightXXTBon.png; path = receivers1/receiverRightXXTBon.png; sourceTree = "<group>"; };
		5BEF17461A0F2DAE00354C84 /* receiverTopLRXX.png */ = {isa = PBXFileReference; lastKnownFileType = image.png; name = receiverTopLRXX.png; path = receivers1/receiverTopLRXX.png; sourceTree = "<group>"; };
		5BEF17471A0F2DAE00354C84 /* receiverTopLRXXon.png */ = {isa = PBXFileReference; lastKnownFileType = image.png; name = receiverTopLRXXon.png; path = receivers1/receiverTopLRXXon.png; sourceTree = "<group>"; };
		A84F7F0019FDC1C6001AEC0D /* PowerUP.app */ = {isa = PBXFileReference; explicitFileType = wrapper.application; includeInIndex = 0; path = PowerUP.app; sourceTree = BUILT_PRODUCTS_DIR; };
		A84F7F0419FDC1C6001AEC0D /* Info.plist */ = {isa = PBXFileReference; lastKnownFileType = text.plist.xml; path = Info.plist; sourceTree = "<group>"; };
		A84F7F0519FDC1C6001AEC0D /* main.m */ = {isa = PBXFileReference; lastKnownFileType = sourcecode.c.objc; path = main.m; sourceTree = "<group>"; };
		A84F7F0719FDC1C6001AEC0D /* AppDelegate.h */ = {isa = PBXFileReference; lastKnownFileType = sourcecode.c.h; path = AppDelegate.h; sourceTree = "<group>"; };
		A84F7F0819FDC1C6001AEC0D /* AppDelegate.m */ = {isa = PBXFileReference; lastKnownFileType = sourcecode.c.objc; path = AppDelegate.m; sourceTree = "<group>"; };
		A84F7F0A19FDC1C6001AEC0D /* ViewController.h */ = {isa = PBXFileReference; lastKnownFileType = sourcecode.c.h; path = ViewController.h; sourceTree = "<group>"; };
		A84F7F0B19FDC1C6001AEC0D /* ViewController.m */ = {isa = PBXFileReference; lastKnownFileType = sourcecode.c.objc; path = ViewController.m; sourceTree = "<group>"; };
		A84F7F0E19FDC1C6001AEC0D /* Base */ = {isa = PBXFileReference; lastKnownFileType = file.storyboard; name = Base; path = Base.lproj/Main.storyboard; sourceTree = "<group>"; };
		A84F7F1019FDC1C6001AEC0D /* Images.xcassets */ = {isa = PBXFileReference; lastKnownFileType = folder.assetcatalog; path = Images.xcassets; sourceTree = "<group>"; };
		A84F7F1319FDC1C6001AEC0D /* Base */ = {isa = PBXFileReference; lastKnownFileType = file.xib; name = Base; path = Base.lproj/LaunchScreen.xib; sourceTree = "<group>"; };
		A84F7F1919FDC1C6001AEC0D /* PowerUPTests.xctest */ = {isa = PBXFileReference; explicitFileType = wrapper.cfbundle; includeInIndex = 0; path = PowerUPTests.xctest; sourceTree = BUILT_PRODUCTS_DIR; };
		A84F7F1E19FDC1C6001AEC0D /* Info.plist */ = {isa = PBXFileReference; lastKnownFileType = text.plist.xml; path = Info.plist; sourceTree = "<group>"; };
		A84F7F1F19FDC1C6001AEC0D /* GameModelTests.m */ = {isa = PBXFileReference; lastKnownFileType = sourcecode.c.objc; path = GameModelTests.m; sourceTree = "<group>"; };
		A86321961A0B540A00ED1F5C /* blank.png */ = {isa = PBXFileReference; lastKnownFileType = image.png; name = blank.png; path = ../blank.png; sourceTree = "<group>"; };
		A86E10B91A005B1E0029011B /* Battery.h */ = {isa = PBXFileReference; fileEncoding = 4; lastKnownFileType = sourcecode.c.h; name = Battery.h; path = ../Battery.h; sourceTree = "<group>"; };
		A86E10BA1A005B1E0029011B /* Battery.m */ = {isa = PBXFileReference; fileEncoding = 4; lastKnownFileType = sourcecode.c.objc; name = Battery.m; path = ../Battery.m; sourceTree = "<group>"; };
		A86E10BB1A005B1E0029011B /* Bulb.h */ = {isa = PBXFileReference; fileEncoding = 4; lastKnownFileType = sourcecode.c.h; name = Bulb.h; path = ../Bulb.h; sourceTree = "<group>"; };
		A86E10BC1A005B1E0029011B /* Bulb.m */ = {isa = PBXFileReference; fileEncoding = 4; lastKnownFileType = sourcecode.c.objc; name = Bulb.m; path = ../Bulb.m; sourceTree = "<group>"; };
		A86E10BD1A005B1E0029011B /* GameModel.h */ = {isa = PBXFileReference; fileEncoding = 4; lastKnownFileType = sourcecode.c.h; name = GameModel.h; path = ../GameModel.h; sourceTree = "<group>"; };
		A86E10BE1A005B1E0029011B /* GameModel.m */ = {isa = PBXFileReference; fileEncoding = 4; lastKnownFileType = sourcecode.c.objc; name = GameModel.m; path = ../GameModel.m; sourceTree = "<group>"; };
		A86E10BF1A005B1E0029011B /* GameViewController.h */ = {isa = PBXFileReference; fileEncoding = 4; lastKnownFileType = sourcecode.c.h; name = GameViewController.h; path = ../GameViewController.h; sourceTree = "<group>"; };
		A86E10C01A005B1E0029011B /* GameViewController.m */ = {isa = PBXFileReference; fileEncoding = 4; lastKnownFileType = sourcecode.c.objc; name = GameViewController.m; path = ../GameViewController.m; sourceTree = "<group>"; };
		A86E10C11A005B1E0029011B /* Grid.h */ = {isa = PBXFileReference; fileEncoding = 4; lastKnownFileType = sourcecode.c.h; name = Grid.h; path = ../Grid.h; sourceTree = "<group>"; };
		A86E10C21A005B1E0029011B /* Grid.m */ = {isa = PBXFileReference; fileEncoding = 4; lastKnownFileType = sourcecode.c.objc; name = Grid.m; path = ../Grid.m; sourceTree = "<group>"; };
		A86E10C31A005B1E0029011B /* LevelViewController.h */ = {isa = PBXFileReference; fileEncoding = 4; lastKnownFileType = sourcecode.c.h; name = LevelViewController.h; path = ../LevelViewController.h; sourceTree = "<group>"; };
		A86E10C41A005B1E0029011B /* LevelViewController.m */ = {isa = PBXFileReference; fileEncoding = 4; lastKnownFileType = sourcecode.c.objc; name = LevelViewController.m; path = ../LevelViewController.m; sourceTree = "<group>"; };
		A86E10C51A005B1E0029011B /* MenuViewController.h */ = {isa = PBXFileReference; fileEncoding = 4; lastKnownFileType = sourcecode.c.h; name = MenuViewController.h; path = ../MenuViewController.h; sourceTree = "<group>"; };
		A86E10C61A005B1E0029011B /* MenuViewController.m */ = {isa = PBXFileReference; fileEncoding = 4; lastKnownFileType = sourcecode.c.objc; name = MenuViewController.m; path = ../MenuViewController.m; sourceTree = "<group>"; };
		A86E10C71A005B1E0029011B /* Switch.h */ = {isa = PBXFileReference; fileEncoding = 4; lastKnownFileType = sourcecode.c.h; name = Switch.h; path = ../Switch.h; sourceTree = "<group>"; };
		A86E10C81A005B1E0029011B /* Switch.m */ = {isa = PBXFileReference; fileEncoding = 4; lastKnownFileType = sourcecode.c.objc; name = Switch.m; path = ../Switch.m; sourceTree = "<group>"; };
		A86E10C91A005B1E0029011B /* Wire.h */ = {isa = PBXFileReference; fileEncoding = 4; lastKnownFileType = sourcecode.c.h; name = Wire.h; path = ../Wire.h; sourceTree = "<group>"; };
		A86E10CA1A005B1E0029011B /* Wire.m */ = {isa = PBXFileReference; fileEncoding = 4; lastKnownFileType = sourcecode.c.objc; name = Wire.m; path = ../Wire.m; sourceTree = "<group>"; };
		A86E10D41A005C4E0029011B /* level0 */ = {isa = PBXFileReference; fileEncoding = 4; lastKnownFileType = text; path = level0; sourceTree = "<group>"; };
		A86E10D51A005C4E0029011B /* level1 */ = {isa = PBXFileReference; fileEncoding = 4; lastKnownFileType = text; path = level1; sourceTree = "<group>"; };
		A86E10D61A005C4E0029011B /* level2 */ = {isa = PBXFileReference; fileEncoding = 4; lastKnownFileType = text; path = level2; sourceTree = "<group>"; };
		A86E10DA1A0073C80029011B /* Bomb.h */ = {isa = PBXFileReference; fileEncoding = 4; lastKnownFileType = sourcecode.c.h; path = Bomb.h; sourceTree = "<group>"; };
		A86E10DB1A0073C80029011B /* Bomb.m */ = {isa = PBXFileReference; fileEncoding = 4; lastKnownFileType = sourcecode.c.objc; path = Bomb.m; sourceTree = "<group>"; };
		A893D75C1A01E94F0004F539 /* beep-attention.aif */ = {isa = PBXFileReference; lastKnownFileType = file; path = "beep-attention.aif"; sourceTree = "<group>"; };
		A893D75D1A01E94F0004F539 /* beep-rejected.aif */ = {isa = PBXFileReference; lastKnownFileType = file; path = "beep-rejected.aif"; sourceTree = "<group>"; };
		A893D75E1A01E94F0004F539 /* beep-warmguitar.aif */ = {isa = PBXFileReference; lastKnownFileType = file; path = "beep-warmguitar.aif"; sourceTree = "<group>"; };
		A893D75F1A01E94F0004F539 /* slide-magic.aif */ = {isa = PBXFileReference; lastKnownFileType = file; path = "slide-magic.aif"; sourceTree = "<group>"; };
		A8C2D5681A12084A008DD69D /* bomb-02.wav */ = {isa = PBXFileReference; lastKnownFileType = audio.wav; path = "bomb-02.wav"; sourceTree = "<group>"; };
		A8C2D5691A12084A008DD69D /* mouse-doubleclick-02.wav */ = {isa = PBXFileReference; lastKnownFileType = audio.wav; path = "mouse-doubleclick-02.wav"; sourceTree = "<group>"; };
		A8E84DDE1A043DA90076501D /* beep-horn.aif */ = {isa = PBXFileReference; lastKnownFileType = file; path = "beep-horn.aif"; sourceTree = "<group>"; };
		A8E84DE01A0591480076501D /* level3 */ = {isa = PBXFileReference; fileEncoding = 4; lastKnownFileType = text; path = level3; sourceTree = "<group>"; };
		A8E9101E1A06FA7100E591BE /* level4 */ = {isa = PBXFileReference; fileEncoding = 4; lastKnownFileType = text; path = level4; sourceTree = "<group>"; };
		A8E910261A07278200E591BE /* level-3 */ = {isa = PBXFileReference; fileEncoding = 4; lastKnownFileType = text; path = "level-3"; sourceTree = "<group>"; };
		A8E9102A1A081F6700E591BE /* batteryNeg.pxm */ = {isa = PBXFileReference; lastKnownFileType = file; path = batteryNeg.pxm; sourceTree = "<group>"; };
		A8E9102B1A081F6700E591BE /* batteryNegXRXX.png */ = {isa = PBXFileReference; lastKnownFileType = image.png; path = batteryNegXRXX.png; sourceTree = "<group>"; };
		A8E9102C1A081F6700E591BE /* batteryNegXRXXon.png */ = {isa = PBXFileReference; lastKnownFileType = image.png; path = batteryNegXRXXon.png; sourceTree = "<group>"; };
		A8E9102D1A081F6700E591BE /* batteryNegXRXXshort.png */ = {isa = PBXFileReference; lastKnownFileType = image.png; path = batteryNegXRXXshort.png; sourceTree = "<group>"; };
		A8E9102E1A081F6700E591BE /* batteryNegXXTX.png */ = {isa = PBXFileReference; lastKnownFileType = image.png; path = batteryNegXXTX.png; sourceTree = "<group>"; };
		A8E9102F1A081F6800E591BE /* batteryNegXXTXon.png */ = {isa = PBXFileReference; lastKnownFileType = image.png; path = batteryNegXXTXon.png; sourceTree = "<group>"; };
		A8E910301A081F6800E591BE /* batteryNegXXTXshort.png */ = {isa = PBXFileReference; lastKnownFileType = image.png; path = batteryNegXXTXshort.png; sourceTree = "<group>"; };
		A8E910311A081F6800E591BE /* batteryNegXXXB.png */ = {isa = PBXFileReference; lastKnownFileType = image.png; path = batteryNegXXXB.png; sourceTree = "<group>"; };
		A8E910321A081F6800E591BE /* batteryNegXXXBon.png */ = {isa = PBXFileReference; lastKnownFileType = image.png; path = batteryNegXXXBon.png; sourceTree = "<group>"; };
		A8E910331A081F6800E591BE /* batteryNegXXXBshort.png */ = {isa = PBXFileReference; lastKnownFileType = image.png; path = batteryNegXXXBshort.png; sourceTree = "<group>"; };
		A8E910341A081F6800E591BE /* batteryPos.pxm */ = {isa = PBXFileReference; lastKnownFileType = file; path = batteryPos.pxm; sourceTree = "<group>"; };
		A8E910351A081F6800E591BE /* batteryPosLXXX.png */ = {isa = PBXFileReference; lastKnownFileType = image.png; path = batteryPosLXXX.png; sourceTree = "<group>"; };
		A8E910361A081F6800E591BE /* batteryPosLXXXon.png */ = {isa = PBXFileReference; lastKnownFileType = image.png; path = batteryPosLXXXon.png; sourceTree = "<group>"; };
		A8E910371A081F6800E591BE /* batteryPosLXXXshort.png */ = {isa = PBXFileReference; lastKnownFileType = image.png; path = batteryPosLXXXshort.png; sourceTree = "<group>"; };
		A8E910381A081F6800E591BE /* batteryPosXXTX.png */ = {isa = PBXFileReference; lastKnownFileType = image.png; path = batteryPosXXTX.png; sourceTree = "<group>"; };
		A8E910391A081F6800E591BE /* batteryPosXXTXon.png */ = {isa = PBXFileReference; lastKnownFileType = image.png; path = batteryPosXXTXon.png; sourceTree = "<group>"; };
		A8E9103A1A081F6800E591BE /* batteryPosXXTXshort.png */ = {isa = PBXFileReference; lastKnownFileType = image.png; path = batteryPosXXTXshort.png; sourceTree = "<group>"; };
		A8E9103B1A081F6800E591BE /* batteryPosXXXB.png */ = {isa = PBXFileReference; lastKnownFileType = image.png; path = batteryPosXXXB.png; sourceTree = "<group>"; };
		A8E9103C1A081F6800E591BE /* batteryPosXXXBon.png */ = {isa = PBXFileReference; lastKnownFileType = image.png; path = batteryPosXXXBon.png; sourceTree = "<group>"; };
		A8E9103D1A081F6800E591BE /* batteryPosXXXBshort.png */ = {isa = PBXFileReference; lastKnownFileType = image.png; path = batteryPosXXXBshort.png; sourceTree = "<group>"; };
		A8E9103F1A081F6800E591BE /* bulb.png */ = {isa = PBXFileReference; lastKnownFileType = image.png; path = bulb.png; sourceTree = "<group>"; };
		A8E910401A081F6800E591BE /* bulb.pxm */ = {isa = PBXFileReference; lastKnownFileType = file; path = bulb.pxm; sourceTree = "<group>"; };
		A8E910411A081F6800E591BE /* bulbon.png */ = {isa = PBXFileReference; lastKnownFileType = image.png; path = bulbon.png; sourceTree = "<group>"; };
		A8E910431A081F6800E591BE /* deflector.pxm */ = {isa = PBXFileReference; lastKnownFileType = file; path = deflector.pxm; sourceTree = "<group>"; };
		A8E910441A081F6800E591BE /* deflectorLXTX.png */ = {isa = PBXFileReference; lastKnownFileType = image.png; path = deflectorLXTX.png; sourceTree = "<group>"; };
		A8E910451A081F6800E591BE /* deflectorLXTXon.png */ = {isa = PBXFileReference; lastKnownFileType = image.png; path = deflectorLXTXon.png; sourceTree = "<group>"; };
		A8E910461A081F6800E591BE /* deflectorLXXB.png */ = {isa = PBXFileReference; lastKnownFileType = image.png; path = deflectorLXXB.png; sourceTree = "<group>"; };
		A8E910471A081F6800E591BE /* deflectorLXXBon.png */ = {isa = PBXFileReference; lastKnownFileType = image.png; path = deflectorLXXBon.png; sourceTree = "<group>"; };
		A8E910481A081F6800E591BE /* deflectorXRTX.png */ = {isa = PBXFileReference; lastKnownFileType = image.png; path = deflectorXRTX.png; sourceTree = "<group>"; };
		A8E910491A081F6800E591BE /* deflectorXRTXon.png */ = {isa = PBXFileReference; lastKnownFileType = image.png; path = deflectorXRTXon.png; sourceTree = "<group>"; };
		A8E9104A1A081F6800E591BE /* deflectorXRXB.png */ = {isa = PBXFileReference; lastKnownFileType = image.png; path = deflectorXRXB.png; sourceTree = "<group>"; };
		A8E9104B1A081F6800E591BE /* deflectorXRXBon.png */ = {isa = PBXFileReference; lastKnownFileType = image.png; path = deflectorXRXBon.png; sourceTree = "<group>"; };
		A8E9104D1A081F6800E591BE /* emitter.pxm */ = {isa = PBXFileReference; lastKnownFileType = file; path = emitter.pxm; sourceTree = "<group>"; };
		A8E9104E1A081F6800E591BE /* emitterBottomLRTX.png */ = {isa = PBXFileReference; lastKnownFileType = image.png; path = emitterBottomLRTX.png; sourceTree = "<group>"; };
		A8E9104F1A081F6800E591BE /* emitterBottomLRTXon.png */ = {isa = PBXFileReference; lastKnownFileType = image.png; path = emitterBottomLRTXon.png; sourceTree = "<group>"; };
		A8E910501A081F6800E591BE /* emitterBottomLRXX.png */ = {isa = PBXFileReference; lastKnownFileType = image.png; path = emitterBottomLRXX.png; sourceTree = "<group>"; };
		A8E910511A081F6800E591BE /* emitterBottomLRXXon.png */ = {isa = PBXFileReference; lastKnownFileType = image.png; path = emitterBottomLRXXon.png; sourceTree = "<group>"; };
		A8E910521A081F6800E591BE /* emitterBottomLXTX.png */ = {isa = PBXFileReference; lastKnownFileType = image.png; path = emitterBottomLXTX.png; sourceTree = "<group>"; };
		A8E910531A081F6800E591BE /* emitterBottomLXTXon.png */ = {isa = PBXFileReference; lastKnownFileType = image.png; path = emitterBottomLXTXon.png; sourceTree = "<group>"; };
		A8E910541A081F6800E591BE /* emitterBottomXRTX.png */ = {isa = PBXFileReference; lastKnownFileType = image.png; path = emitterBottomXRTX.png; sourceTree = "<group>"; };
		A8E910551A081F6800E591BE /* emitterBottomXRTXon.png */ = {isa = PBXFileReference; lastKnownFileType = image.png; path = emitterBottomXRTXon.png; sourceTree = "<group>"; };
		A8E910561A081F6800E591BE /* emitterLeftXRTB.png */ = {isa = PBXFileReference; lastKnownFileType = image.png; path = emitterLeftXRTB.png; sourceTree = "<group>"; };
		A8E910571A081F6800E591BE /* emitterLeftXRTBon.png */ = {isa = PBXFileReference; lastKnownFileType = image.png; path = emitterLeftXRTBon.png; sourceTree = "<group>"; };
		A8E910581A081F6800E591BE /* emitterLeftXRTX.png */ = {isa = PBXFileReference; lastKnownFileType = image.png; path = emitterLeftXRTX.png; sourceTree = "<group>"; };
		A8E910591A081F6800E591BE /* emitterLeftXRTXon.png */ = {isa = PBXFileReference; lastKnownFileType = image.png; path = emitterLeftXRTXon.png; sourceTree = "<group>"; };
		A8E9105A1A081F6800E591BE /* emitterLeftXRXB.png */ = {isa = PBXFileReference; lastKnownFileType = image.png; path = emitterLeftXRXB.png; sourceTree = "<group>"; };
		A8E9105B1A081F6800E591BE /* emitterLeftXRXBon.png */ = {isa = PBXFileReference; lastKnownFileType = image.png; path = emitterLeftXRXBon.png; sourceTree = "<group>"; };
		A8E9105C1A081F6800E591BE /* emitterLeftXXTB.png */ = {isa = PBXFileReference; lastKnownFileType = image.png; path = emitterLeftXXTB.png; sourceTree = "<group>"; };
		A8E9105D1A081F6800E591BE /* emitterLeftXXTBon.png */ = {isa = PBXFileReference; lastKnownFileType = image.png; path = emitterLeftXXTBon.png; sourceTree = "<group>"; };
		A8E9105E1A081F6800E591BE /* emitterRightLXTB.png */ = {isa = PBXFileReference; lastKnownFileType = image.png; path = emitterRightLXTB.png; sourceTree = "<group>"; };
		A8E9105F1A081F6800E591BE /* emitterRightLXTBon.png */ = {isa = PBXFileReference; lastKnownFileType = image.png; path = emitterRightLXTBon.png; sourceTree = "<group>"; };
		A8E910601A081F6800E591BE /* emitterRightLXTX.png */ = {isa = PBXFileReference; lastKnownFileType = image.png; path = emitterRightLXTX.png; sourceTree = "<group>"; };
		A8E910611A081F6800E591BE /* emitterRightLXTXon.png */ = {isa = PBXFileReference; lastKnownFileType = image.png; path = emitterRightLXTXon.png; sourceTree = "<group>"; };
		A8E910621A081F6800E591BE /* emitterRightLXXB.png */ = {isa = PBXFileReference; lastKnownFileType = image.png; path = emitterRightLXXB.png; sourceTree = "<group>"; };
		A8E910631A081F6800E591BE /* emitterRightLXXBon.png */ = {isa = PBXFileReference; lastKnownFileType = image.png; path = emitterRightLXXBon.png; sourceTree = "<group>"; };
		A8E910641A081F6800E591BE /* emitterRightXXTB.png */ = {isa = PBXFileReference; lastKnownFileType = image.png; path = emitterRightXXTB.png; sourceTree = "<group>"; };
		A8E910651A081F6800E591BE /* emitterRightXXTBon.png */ = {isa = PBXFileReference; lastKnownFileType = image.png; path = emitterRightXXTBon.png; sourceTree = "<group>"; };
		A8E910661A081F6800E591BE /* emitterTopLRXB.png */ = {isa = PBXFileReference; lastKnownFileType = image.png; path = emitterTopLRXB.png; sourceTree = "<group>"; };
		A8E910671A081F6800E591BE /* emitterTopLRXBon.png */ = {isa = PBXFileReference; lastKnownFileType = image.png; path = emitterTopLRXBon.png; sourceTree = "<group>"; };
		A8E910681A081F6800E591BE /* emitterTopLRXX.png */ = {isa = PBXFileReference; lastKnownFileType = image.png; path = emitterTopLRXX.png; sourceTree = "<group>"; };
		A8E910691A081F6800E591BE /* emitterTopLRXXon.png */ = {isa = PBXFileReference; lastKnownFileType = image.png; path = emitterTopLRXXon.png; sourceTree = "<group>"; };
		A8E9106A1A081F6800E591BE /* emitterTopLXXB.png */ = {isa = PBXFileReference; lastKnownFileType = image.png; path = emitterTopLXXB.png; sourceTree = "<group>"; };
		A8E9106B1A081F6800E591BE /* emitterTopLXXBon.png */ = {isa = PBXFileReference; lastKnownFileType = image.png; path = emitterTopLXXBon.png; sourceTree = "<group>"; };
		A8E9106C1A081F6800E591BE /* emitterTopXRXB.png */ = {isa = PBXFileReference; lastKnownFileType = image.png; path = emitterTopXRXB.png; sourceTree = "<group>"; };
		A8E9106D1A081F6800E591BE /* emitterTopXRXBon.png */ = {isa = PBXFileReference; lastKnownFileType = image.png; path = emitterTopXRXBon.png; sourceTree = "<group>"; };
		A8E9106F1A081F6800E591BE /* laser.pxm */ = {isa = PBXFileReference; lastKnownFileType = file; path = laser.pxm; sourceTree = "<group>"; };
		A8E910701A081F6800E591BE /* laserLRXX.png */ = {isa = PBXFileReference; lastKnownFileType = image.png; path = laserLRXX.png; sourceTree = "<group>"; };
		A8E910711A081F6800E591BE /* laserXXTB.png */ = {isa = PBXFileReference; lastKnownFileType = image.png; path = laserXXTB.png; sourceTree = "<group>"; };
		A8E910731A081F6800E591BE /* wire.pxm */ = {isa = PBXFileReference; lastKnownFileType = file; path = wire.pxm; sourceTree = "<group>"; };
		A8E910741A081F6800E591BE /* wireLRTX.png */ = {isa = PBXFileReference; lastKnownFileType = image.png; path = wireLRTX.png; sourceTree = "<group>"; };
		A8E910751A081F6800E591BE /* wireLRTXon.png */ = {isa = PBXFileReference; lastKnownFileType = image.png; path = wireLRTXon.png; sourceTree = "<group>"; };
		A8E910761A081F6800E591BE /* wireLRXB.png */ = {isa = PBXFileReference; lastKnownFileType = image.png; path = wireLRXB.png; sourceTree = "<group>"; };
		A8E910771A081F6800E591BE /* wireLRXBon.png */ = {isa = PBXFileReference; lastKnownFileType = image.png; path = wireLRXBon.png; sourceTree = "<group>"; };
		A8E910781A081F6800E591BE /* wireLRXX.png */ = {isa = PBXFileReference; lastKnownFileType = image.png; path = wireLRXX.png; sourceTree = "<group>"; };
		A8E910791A081F6800E591BE /* wireLRXXon.png */ = {isa = PBXFileReference; lastKnownFileType = image.png; path = wireLRXXon.png; sourceTree = "<group>"; };
		A8E9107A1A081F6800E591BE /* wireLXTB.png */ = {isa = PBXFileReference; lastKnownFileType = image.png; path = wireLXTB.png; sourceTree = "<group>"; };
		A8E9107B1A081F6800E591BE /* wireLXTBon.png */ = {isa = PBXFileReference; lastKnownFileType = image.png; path = wireLXTBon.png; sourceTree = "<group>"; };
		A8E9107C1A081F6800E591BE /* wireLXTX.png */ = {isa = PBXFileReference; lastKnownFileType = image.png; path = wireLXTX.png; sourceTree = "<group>"; };
		A8E9107D1A081F6800E591BE /* wireLXTXon.png */ = {isa = PBXFileReference; lastKnownFileType = image.png; path = wireLXTXon.png; sourceTree = "<group>"; };
		A8E9107E1A081F6800E591BE /* wireLXXB.png */ = {isa = PBXFileReference; lastKnownFileType = image.png; path = wireLXXB.png; sourceTree = "<group>"; };
		A8E9107F1A081F6800E591BE /* wireLXXBon.png */ = {isa = PBXFileReference; lastKnownFileType = image.png; path = wireLXXBon.png; sourceTree = "<group>"; };
		A8E910801A081F6800E591BE /* wireLXXX.png */ = {isa = PBXFileReference; lastKnownFileType = image.png; path = wireLXXX.png; sourceTree = "<group>"; };
		A8E910811A081F6800E591BE /* wireXRTB.png */ = {isa = PBXFileReference; lastKnownFileType = image.png; path = wireXRTB.png; sourceTree = "<group>"; };
		A8E910821A081F6800E591BE /* wireXRTBon.png */ = {isa = PBXFileReference; lastKnownFileType = image.png; path = wireXRTBon.png; sourceTree = "<group>"; };
		A8E910831A081F6800E591BE /* wireXRTX.png */ = {isa = PBXFileReference; lastKnownFileType = image.png; path = wireXRTX.png; sourceTree = "<group>"; };
		A8E910841A081F6800E591BE /* wireXRTXon.png */ = {isa = PBXFileReference; lastKnownFileType = image.png; path = wireXRTXon.png; sourceTree = "<group>"; };
		A8E910851A081F6800E591BE /* wireXRXB.png */ = {isa = PBXFileReference; lastKnownFileType = image.png; path = wireXRXB.png; sourceTree = "<group>"; };
		A8E910861A081F6800E591BE /* wireXRXBon.png */ = {isa = PBXFileReference; lastKnownFileType = image.png; path = wireXRXBon.png; sourceTree = "<group>"; };
		A8E910871A081F6800E591BE /* wireXRXX.png */ = {isa = PBXFileReference; lastKnownFileType = image.png; path = wireXRXX.png; sourceTree = "<group>"; };
		A8E910881A081F6800E591BE /* wireXXTB.png */ = {isa = PBXFileReference; lastKnownFileType = image.png; path = wireXXTB.png; sourceTree = "<group>"; };
		A8E910891A081F6800E591BE /* wireXXTBon.png */ = {isa = PBXFileReference; lastKnownFileType = image.png; path = wireXXTBon.png; sourceTree = "<group>"; };
		A8E9108A1A081F6800E591BE /* wireXXTX.png */ = {isa = PBXFileReference; lastKnownFileType = image.png; path = wireXXTX.png; sourceTree = "<group>"; };
		A8E9108B1A081F6800E591BE /* wireXXXB.png */ = {isa = PBXFileReference; lastKnownFileType = image.png; path = wireXXXB.png; sourceTree = "<group>"; };
		A8E9108C1A081F6800E591BE /* wireXXXX.png */ = {isa = PBXFileReference; lastKnownFileType = image.png; path = wireXXXX.png; sourceTree = "<group>"; };
		C08E333456A9EA36EE6BDD8B /* ComponentModel.m */ = {isa = PBXFileReference; fileEncoding = 4; lastKnownFileType = sourcecode.c.objc; path = ComponentModel.m; sourceTree = SOURCE_ROOT; };
		C08E3346B0B9BA5F2F430755 /* ComponentModel.h */ = {isa = PBXFileReference; fileEncoding = 4; lastKnownFileType = sourcecode.c.h; path = ComponentModel.h; sourceTree = SOURCE_ROOT; };
		C08E38997C01381A4E7DF1AA /* level-1 */ = {isa = PBXFileReference; fileEncoding = 4; lastKnownFileType = text; path = "level-1"; sourceTree = "<group>"; };
		C08E3BBDF2D1F37DE1A4AF54 /* level-2 */ = {isa = PBXFileReference; fileEncoding = 4; lastKnownFileType = text; path = "level-2"; sourceTree = "<group>"; };
/* End PBXFileReference section */

/* Begin PBXFrameworksBuildPhase section */
		A84F7EFD19FDC1C6001AEC0D /* Frameworks */ = {
			isa = PBXFrameworksBuildPhase;
			buildActionMask = 2147483647;
			files = (
			);
			runOnlyForDeploymentPostprocessing = 0;
		};
		A84F7F1619FDC1C6001AEC0D /* Frameworks */ = {
			isa = PBXFrameworksBuildPhase;
			buildActionMask = 2147483647;
			files = (
			);
			runOnlyForDeploymentPostprocessing = 0;
		};
/* End PBXFrameworksBuildPhase section */

/* Begin PBXGroup section */
		5BEF173F1A0F2D8E00354C84 /* receivers */ = {
			isa = PBXGroup;
			children = (
				5BEF17401A0F2DAE00354C84 /* receiverBottomLRXX.png */,
				5BEF17411A0F2DAE00354C84 /* receiverBottomLRXXon.png */,
				5BEF17421A0F2DAE00354C84 /* receiverLeftXXTB.png */,
				5BEF17431A0F2DAE00354C84 /* receiverLeftXXTBon.png */,
				5BEF17441A0F2DAE00354C84 /* receiverRightXXTB.png */,
				5BEF17451A0F2DAE00354C84 /* receiverRightXXTBon.png */,
				5BEF17461A0F2DAE00354C84 /* receiverTopLRXX.png */,
				5BEF17471A0F2DAE00354C84 /* receiverTopLRXXon.png */,
			);
			name = receivers;
			sourceTree = "<group>";
		};
		A84F7EF719FDC1C6001AEC0D = {
			isa = PBXGroup;
			children = (
				A84F7F0219FDC1C6001AEC0D /* PowerUP */,
				A84F7F1C19FDC1C6001AEC0D /* PowerUPTests */,
				A84F7F0119FDC1C6001AEC0D /* Products */,
			);
			sourceTree = "<group>";
		};
		A84F7F0119FDC1C6001AEC0D /* Products */ = {
			isa = PBXGroup;
			children = (
				A84F7F0019FDC1C6001AEC0D /* PowerUP.app */,
				A84F7F1919FDC1C6001AEC0D /* PowerUPTests.xctest */,
			);
			name = Products;
			sourceTree = "<group>";
		};
		A84F7F0219FDC1C6001AEC0D /* PowerUP */ = {
			isa = PBXGroup;
			children = (
				A8B618611A0D702800541E43 /* PowerUPSounds */,
				A8E910281A081F6700E591BE /* PowerUpPics */,
				A86E10B91A005B1E0029011B /* Battery.h */,
				A86E10BA1A005B1E0029011B /* Battery.m */,
				A86E10BB1A005B1E0029011B /* Bulb.h */,
				A86E10BC1A005B1E0029011B /* Bulb.m */,
				A86E10BD1A005B1E0029011B /* GameModel.h */,
				A86E10BE1A005B1E0029011B /* GameModel.m */,
				A86E10BF1A005B1E0029011B /* GameViewController.h */,
				A86E10C01A005B1E0029011B /* GameViewController.m */,
				A86E10C11A005B1E0029011B /* Grid.h */,
				A86E10C21A005B1E0029011B /* Grid.m */,
				A86E10C31A005B1E0029011B /* LevelViewController.h */,
				A86E10C41A005B1E0029011B /* LevelViewController.m */,
				A86E10C51A005B1E0029011B /* MenuViewController.h */,
				A86E10C61A005B1E0029011B /* MenuViewController.m */,
				A86E10C71A005B1E0029011B /* Switch.h */,
				A86E10C81A005B1E0029011B /* Switch.m */,
				A86E10C91A005B1E0029011B /* Wire.h */,
				A86E10CA1A005B1E0029011B /* Wire.m */,
				A84F7F0719FDC1C6001AEC0D /* AppDelegate.h */,
				A84F7F0819FDC1C6001AEC0D /* AppDelegate.m */,
				A84F7F0A19FDC1C6001AEC0D /* ViewController.h */,
				A84F7F0B19FDC1C6001AEC0D /* ViewController.m */,
				A86E10DA1A0073C80029011B /* Bomb.h */,
				A86E10DB1A0073C80029011B /* Bomb.m */,
				5BEF17301A0EC1AB00354C84 /* Laser.h */,
				5BEF17311A0EC1AB00354C84 /* Laser.m */,
				5BEF17331A0EC1C800354C84 /* Emitter.h */,
				5BEF17341A0EC1C800354C84 /* Emitter.m */,
				5BEF17361A0EC1E500354C84 /* Deflector.h */,
				5BEF17371A0EC1E500354C84 /* Deflector.m */,
				5BEF17391A0EC79600354C84 /* Receiver.h */,
				5BEF173A1A0EC79600354C84 /* Receiver.m */,
				C08E333456A9EA36EE6BDD8B /* ComponentModel.m */,
				C08E3346B0B9BA5F2F430755 /* ComponentModel.h */,
				A84F7F0D19FDC1C6001AEC0D /* Main.storyboard */,
				A84F7F1019FDC1C6001AEC0D /* Images.xcassets */,
				A84F7F1219FDC1C6001AEC0D /* LaunchScreen.xib */,
				A84F7F0319FDC1C6001AEC0D /* Supporting Files */,
			);
			path = PowerUP;
			sourceTree = "<group>";
		};
		A84F7F0319FDC1C6001AEC0D /* Supporting Files */ = {
			isa = PBXGroup;
			children = (
				A86E10D41A005C4E0029011B /* level0 */,
				A86E10D51A005C4E0029011B /* level1 */,
				A86E10D61A005C4E0029011B /* level2 */,
				A8E84DE01A0591480076501D /* level3 */,
				A8E9101E1A06FA7100E591BE /* level4 */,
				5BEF173C1A0F252F00354C84 /* level5 */,
				A84F7F0419FDC1C6001AEC0D /* Info.plist */,
				A84F7F0519FDC1C6001AEC0D /* main.m */,
				C08E38997C01381A4E7DF1AA /* level-1 */,
				C08E3BBDF2D1F37DE1A4AF54 /* level-2 */,
				A8E910261A07278200E591BE /* level-3 */,
			);
			name = "Supporting Files";
			sourceTree = "<group>";
		};
		A84F7F1C19FDC1C6001AEC0D /* PowerUPTests */ = {
			isa = PBXGroup;
			children = (
				A84F7F1F19FDC1C6001AEC0D /* GameModelTests.m */,
				A84F7F1D19FDC1C6001AEC0D /* Supporting Files */,
			);
			path = PowerUPTests;
			sourceTree = "<group>";
		};
		A84F7F1D19FDC1C6001AEC0D /* Supporting Files */ = {
			isa = PBXGroup;
			children = (
				A84F7F1E19FDC1C6001AEC0D /* Info.plist */,
			);
			name = "Supporting Files";
			sourceTree = "<group>";
		};
		A8B618611A0D702800541E43 /* PowerUPSounds */ = {
			isa = PBXGroup;
			children = (
				A8C2D5681A12084A008DD69D /* bomb-02.wav */,
				A8C2D5691A12084A008DD69D /* mouse-doubleclick-02.wav */,
				A8E84DDE1A043DA90076501D /* beep-horn.aif */,
				A893D75C1A01E94F0004F539 /* beep-attention.aif */,
				A893D75D1A01E94F0004F539 /* beep-rejected.aif */,
				A893D75E1A01E94F0004F539 /* beep-warmguitar.aif */,
				A893D75F1A01E94F0004F539 /* slide-magic.aif */,
			);
			name = PowerUPSounds;
			sourceTree = "<group>";
		};
		A8E910281A081F6700E591BE /* PowerUpPics */ = {
			isa = PBXGroup;
			children = (
				A86321961A0B540A00ED1F5C /* blank.png */,
				5BEF173F1A0F2D8E00354C84 /* receivers */,
				A8E910291A081F6700E591BE /* batteries */,
				A8E9103E1A081F6800E591BE /* bulbs */,
				A8E910421A081F6800E591BE /* deflectors */,
				A8E9104C1A081F6800E591BE /* emitters */,
				A8E9106E1A081F6800E591BE /* lasers */,
				A8E910721A081F6800E591BE /* wires */,
			);
			path = PowerUpPics;
			sourceTree = "<group>";
		};
		A8E910291A081F6700E591BE /* batteries */ = {
			isa = PBXGroup;
			children = (
				A8E9102A1A081F6700E591BE /* batteryNeg.pxm */,
				A8E9102B1A081F6700E591BE /* batteryNegXRXX.png */,
				A8E9102C1A081F6700E591BE /* batteryNegXRXXon.png */,
				A8E9102D1A081F6700E591BE /* batteryNegXRXXshort.png */,
				A8E9102E1A081F6700E591BE /* batteryNegXXTX.png */,
				A8E9102F1A081F6800E591BE /* batteryNegXXTXon.png */,
				A8E910301A081F6800E591BE /* batteryNegXXTXshort.png */,
				A8E910311A081F6800E591BE /* batteryNegXXXB.png */,
				A8E910321A081F6800E591BE /* batteryNegXXXBon.png */,
				A8E910331A081F6800E591BE /* batteryNegXXXBshort.png */,
				A8E910341A081F6800E591BE /* batteryPos.pxm */,
				A8E910351A081F6800E591BE /* batteryPosLXXX.png */,
				A8E910361A081F6800E591BE /* batteryPosLXXXon.png */,
				A8E910371A081F6800E591BE /* batteryPosLXXXshort.png */,
				A8E910381A081F6800E591BE /* batteryPosXXTX.png */,
				A8E910391A081F6800E591BE /* batteryPosXXTXon.png */,
				A8E9103A1A081F6800E591BE /* batteryPosXXTXshort.png */,
				A8E9103B1A081F6800E591BE /* batteryPosXXXB.png */,
				A8E9103C1A081F6800E591BE /* batteryPosXXXBon.png */,
				A8E9103D1A081F6800E591BE /* batteryPosXXXBshort.png */,
			);
			path = batteries;
			sourceTree = "<group>";
		};
		A8E9103E1A081F6800E591BE /* bulbs */ = {
			isa = PBXGroup;
			children = (
				A8E9103F1A081F6800E591BE /* bulb.png */,
				A8E910401A081F6800E591BE /* bulb.pxm */,
				A8E910411A081F6800E591BE /* bulbon.png */,
			);
			path = bulbs;
			sourceTree = "<group>";
		};
		A8E910421A081F6800E591BE /* deflectors */ = {
			isa = PBXGroup;
			children = (
				A8E910431A081F6800E591BE /* deflector.pxm */,
				A8E910441A081F6800E591BE /* deflectorLXTX.png */,
				A8E910451A081F6800E591BE /* deflectorLXTXon.png */,
				A8E910461A081F6800E591BE /* deflectorLXXB.png */,
				A8E910471A081F6800E591BE /* deflectorLXXBon.png */,
				A8E910481A081F6800E591BE /* deflectorXRTX.png */,
				A8E910491A081F6800E591BE /* deflectorXRTXon.png */,
				A8E9104A1A081F6800E591BE /* deflectorXRXB.png */,
				A8E9104B1A081F6800E591BE /* deflectorXRXBon.png */,
			);
			path = deflectors;
			sourceTree = "<group>";
		};
		A8E9104C1A081F6800E591BE /* emitters */ = {
			isa = PBXGroup;
			children = (
				A8E9104D1A081F6800E591BE /* emitter.pxm */,
				A8E9104E1A081F6800E591BE /* emitterBottomLRTX.png */,
				A8E9104F1A081F6800E591BE /* emitterBottomLRTXon.png */,
				A8E910501A081F6800E591BE /* emitterBottomLRXX.png */,
				A8E910511A081F6800E591BE /* emitterBottomLRXXon.png */,
				A8E910521A081F6800E591BE /* emitterBottomLXTX.png */,
				A8E910531A081F6800E591BE /* emitterBottomLXTXon.png */,
				A8E910541A081F6800E591BE /* emitterBottomXRTX.png */,
				A8E910551A081F6800E591BE /* emitterBottomXRTXon.png */,
				A8E910561A081F6800E591BE /* emitterLeftXRTB.png */,
				A8E910571A081F6800E591BE /* emitterLeftXRTBon.png */,
				A8E910581A081F6800E591BE /* emitterLeftXRTX.png */,
				A8E910591A081F6800E591BE /* emitterLeftXRTXon.png */,
				A8E9105A1A081F6800E591BE /* emitterLeftXRXB.png */,
				A8E9105B1A081F6800E591BE /* emitterLeftXRXBon.png */,
				A8E9105C1A081F6800E591BE /* emitterLeftXXTB.png */,
				A8E9105D1A081F6800E591BE /* emitterLeftXXTBon.png */,
				A8E9105E1A081F6800E591BE /* emitterRightLXTB.png */,
				A8E9105F1A081F6800E591BE /* emitterRightLXTBon.png */,
				A8E910601A081F6800E591BE /* emitterRightLXTX.png */,
				A8E910611A081F6800E591BE /* emitterRightLXTXon.png */,
				A8E910621A081F6800E591BE /* emitterRightLXXB.png */,
				A8E910631A081F6800E591BE /* emitterRightLXXBon.png */,
				A8E910641A081F6800E591BE /* emitterRightXXTB.png */,
				A8E910651A081F6800E591BE /* emitterRightXXTBon.png */,
				A8E910661A081F6800E591BE /* emitterTopLRXB.png */,
				A8E910671A081F6800E591BE /* emitterTopLRXBon.png */,
				A8E910681A081F6800E591BE /* emitterTopLRXX.png */,
				A8E910691A081F6800E591BE /* emitterTopLRXXon.png */,
				A8E9106A1A081F6800E591BE /* emitterTopLXXB.png */,
				A8E9106B1A081F6800E591BE /* emitterTopLXXBon.png */,
				A8E9106C1A081F6800E591BE /* emitterTopXRXB.png */,
				A8E9106D1A081F6800E591BE /* emitterTopXRXBon.png */,
			);
			path = emitters;
			sourceTree = "<group>";
		};
		A8E9106E1A081F6800E591BE /* lasers */ = {
			isa = PBXGroup;
			children = (
				A8E9106F1A081F6800E591BE /* laser.pxm */,
				A8E910701A081F6800E591BE /* laserLRXX.png */,
				A8E910711A081F6800E591BE /* laserXXTB.png */,
			);
			path = lasers;
			sourceTree = "<group>";
		};
		A8E910721A081F6800E591BE /* wires */ = {
			isa = PBXGroup;
			children = (
				A8E910731A081F6800E591BE /* wire.pxm */,
				A8E910741A081F6800E591BE /* wireLRTX.png */,
				A8E910751A081F6800E591BE /* wireLRTXon.png */,
				A8E910761A081F6800E591BE /* wireLRXB.png */,
				A8E910771A081F6800E591BE /* wireLRXBon.png */,
				A8E910781A081F6800E591BE /* wireLRXX.png */,
				A8E910791A081F6800E591BE /* wireLRXXon.png */,
				A8E9107A1A081F6800E591BE /* wireLXTB.png */,
				A8E9107B1A081F6800E591BE /* wireLXTBon.png */,
				A8E9107C1A081F6800E591BE /* wireLXTX.png */,
				A8E9107D1A081F6800E591BE /* wireLXTXon.png */,
				A8E9107E1A081F6800E591BE /* wireLXXB.png */,
				A8E9107F1A081F6800E591BE /* wireLXXBon.png */,
				A8E910801A081F6800E591BE /* wireLXXX.png */,
				A8E910811A081F6800E591BE /* wireXRTB.png */,
				A8E910821A081F6800E591BE /* wireXRTBon.png */,
				A8E910831A081F6800E591BE /* wireXRTX.png */,
				A8E910841A081F6800E591BE /* wireXRTXon.png */,
				A8E910851A081F6800E591BE /* wireXRXB.png */,
				A8E910861A081F6800E591BE /* wireXRXBon.png */,
				A8E910871A081F6800E591BE /* wireXRXX.png */,
				A8E910881A081F6800E591BE /* wireXXTB.png */,
				A8E910891A081F6800E591BE /* wireXXTBon.png */,
				A8E9108A1A081F6800E591BE /* wireXXTX.png */,
				A8E9108B1A081F6800E591BE /* wireXXXB.png */,
				A8E9108C1A081F6800E591BE /* wireXXXX.png */,
			);
			path = wires;
			sourceTree = "<group>";
		};
/* End PBXGroup section */

/* Begin PBXNativeTarget section */
		A84F7EFF19FDC1C6001AEC0D /* PowerUP */ = {
			isa = PBXNativeTarget;
			buildConfigurationList = A84F7F2319FDC1C6001AEC0D /* Build configuration list for PBXNativeTarget "PowerUP" */;
			buildPhases = (
				A84F7EFC19FDC1C6001AEC0D /* Sources */,
				A84F7EFD19FDC1C6001AEC0D /* Frameworks */,
				A84F7EFE19FDC1C6001AEC0D /* Resources */,
			);
			buildRules = (
			);
			dependencies = (
			);
			name = PowerUP;
			productName = PowerUP;
			productReference = A84F7F0019FDC1C6001AEC0D /* PowerUP.app */;
			productType = "com.apple.product-type.application";
		};
		A84F7F1819FDC1C6001AEC0D /* PowerUPTests */ = {
			isa = PBXNativeTarget;
			buildConfigurationList = A84F7F2619FDC1C6001AEC0D /* Build configuration list for PBXNativeTarget "PowerUPTests" */;
			buildPhases = (
				A84F7F1519FDC1C6001AEC0D /* Sources */,
				A84F7F1619FDC1C6001AEC0D /* Frameworks */,
				A84F7F1719FDC1C6001AEC0D /* Resources */,
			);
			buildRules = (
			);
			dependencies = (
				A84F7F1B19FDC1C6001AEC0D /* PBXTargetDependency */,
			);
			name = PowerUPTests;
			productName = PowerUPTests;
			productReference = A84F7F1919FDC1C6001AEC0D /* PowerUPTests.xctest */;
			productType = "com.apple.product-type.bundle.unit-test";
		};
/* End PBXNativeTarget section */

/* Begin PBXProject section */
		A84F7EF819FDC1C6001AEC0D /* Project object */ = {
			isa = PBXProject;
			attributes = {
				LastUpgradeCheck = 0600;
				ORGANIZATIONNAME = CS121F14S4_Team8;
				TargetAttributes = {
					A84F7EFF19FDC1C6001AEC0D = {
						CreatedOnToolsVersion = 6.0.1;
					};
					A84F7F1819FDC1C6001AEC0D = {
						CreatedOnToolsVersion = 6.0.1;
						TestTargetID = A84F7EFF19FDC1C6001AEC0D;
					};
					A8E910201A070F1500E591BE = {
						CreatedOnToolsVersion = 6.0.1;
					};
				};
			};
			buildConfigurationList = A84F7EFB19FDC1C6001AEC0D /* Build configuration list for PBXProject "PowerUP" */;
			compatibilityVersion = "Xcode 3.2";
			developmentRegion = English;
			hasScannedForEncodings = 0;
			knownRegions = (
				en,
				Base,
			);
			mainGroup = A84F7EF719FDC1C6001AEC0D;
			productRefGroup = A84F7F0119FDC1C6001AEC0D /* Products */;
			projectDirPath = "";
			projectRoot = "";
			targets = (
				A84F7EFF19FDC1C6001AEC0D /* PowerUP */,
				A84F7F1819FDC1C6001AEC0D /* PowerUPTests */,
				A8E910201A070F1500E591BE /* OCLint */,
			);
		};
/* End PBXProject section */

/* Begin PBXResourcesBuildPhase section */
		A84F7EFE19FDC1C6001AEC0D /* Resources */ = {
			isa = PBXResourcesBuildPhase;
			buildActionMask = 2147483647;
			files = (
				A8E910C71A081F6800E591BE /* emitterTopLRXBon.png in Resources */,
				A8E910E51A081F6800E591BE /* wireXRXX.png in Resources */,
				A8E910E21A081F6800E591BE /* wireXRTXon.png in Resources */,
				A8E910E01A081F6800E591BE /* wireXRTBon.png in Resources */,
				5BEF17491A0F2DAE00354C84 /* receiverBottomLRXXon.png in Resources */,
				A86E10D81A005C4E0029011B /* level1 in Resources */,
				A8E84DE11A0591480076501D /* level3 in Resources */,
				A8E9108E1A081F6800E591BE /* batteryNegXRXX.png in Resources */,
				A8E910CB1A081F6800E591BE /* emitterTopLXXBon.png in Resources */,
				A8E910AA1A081F6800E591BE /* deflectorXRTXon.png in Resources */,
				A8E910D41A081F6800E591BE /* wireLRXB.png in Resources */,
				A8E910CC1A081F6800E591BE /* emitterTopXRXB.png in Resources */,
				A8E910C51A081F6800E591BE /* emitterRightXXTBon.png in Resources */,
				A8E910D11A081F6800E591BE /* wire.pxm in Resources */,
				A8E910B91A081F6800E591BE /* emitterLeftXRTXon.png in Resources */,
				A8E910A91A081F6800E591BE /* deflectorXRTX.png in Resources */,
				A8E910921A081F6800E591BE /* batteryNegXXTXon.png in Resources */,
				A8E910EA1A081F6800E591BE /* wireXXXX.png in Resources */,
				A8E910BE1A081F6800E591BE /* emitterRightLXTB.png in Resources */,
				A8E910D31A081F6800E591BE /* wireLRTXon.png in Resources */,
				5BEF173D1A0F252F00354C84 /* level5 in Resources */,
				A8E84DDF1A043DA90076501D /* beep-horn.aif in Resources */,
				A84F7F0F19FDC1C6001AEC0D /* Main.storyboard in Resources */,
				A8E910991A081F6800E591BE /* batteryPosLXXXon.png in Resources */,
				A8E910B21A081F6800E591BE /* emitterBottomLXTX.png in Resources */,
				A8E9109C1A081F6800E591BE /* batteryPosXXTXon.png in Resources */,
				A8E910D01A081F6800E591BE /* laserXXTB.png in Resources */,
				5BEF174F1A0F2DAE00354C84 /* receiverTopLRXXon.png in Resources */,
				A8E910C11A081F6800E591BE /* emitterRightLXTXon.png in Resources */,
				A86321971A0B540A00ED1F5C /* blank.png in Resources */,
				A8E910A41A081F6800E591BE /* deflector.pxm in Resources */,
				A8E910E91A081F6800E591BE /* wireXXXB.png in Resources */,
				A8E910C91A081F6800E591BE /* emitterTopLRXXon.png in Resources */,
				A8E910D81A081F6800E591BE /* wireLXTB.png in Resources */,
				A8E910BA1A081F6800E591BE /* emitterLeftXRXB.png in Resources */,
				5BEF17481A0F2DAE00354C84 /* receiverBottomLRXX.png in Resources */,
				A8E910C01A081F6800E591BE /* emitterRightLXTX.png in Resources */,
				A8E910A21A081F6800E591BE /* bulb.pxm in Resources */,
				A8E910AB1A081F6800E591BE /* deflectorXRXB.png in Resources */,
				A8E910901A081F6800E591BE /* batteryNegXRXXshort.png in Resources */,
				A8E910C31A081F6800E591BE /* emitterRightLXXBon.png in Resources */,
				A8E910E81A081F6800E591BE /* wireXXTX.png in Resources */,
				A8E910BC1A081F6800E591BE /* emitterLeftXXTB.png in Resources */,
				A893D7631A01E94F0004F539 /* slide-magic.aif in Resources */,
				A8E910941A081F6800E591BE /* batteryNegXXXB.png in Resources */,
				A8E910CF1A081F6800E591BE /* laserLRXX.png in Resources */,
				A8E910931A081F6800E591BE /* batteryNegXXTXshort.png in Resources */,
				A8E910A71A081F6800E591BE /* deflectorLXXB.png in Resources */,
				A8E910E61A081F6800E591BE /* wireXXTB.png in Resources */,
				5BEF174C1A0F2DAE00354C84 /* receiverRightXXTB.png in Resources */,
				A8E910C81A081F6800E591BE /* emitterTopLRXX.png in Resources */,
				A8E9108D1A081F6800E591BE /* batteryNeg.pxm in Resources */,
				A8E9101F1A06FA7100E591BE /* level4 in Resources */,
				A8E9109E1A081F6800E591BE /* batteryPosXXXB.png in Resources */,
				5BEF174B1A0F2DAE00354C84 /* receiverLeftXXTBon.png in Resources */,
				A8E910C41A081F6800E591BE /* emitterRightXXTB.png in Resources */,
				A8E910A51A081F6800E591BE /* deflectorLXTX.png in Resources */,
				A8E910C61A081F6800E591BE /* emitterTopLRXB.png in Resources */,
				A8E910A01A081F6800E591BE /* batteryPosXXXBshort.png in Resources */,
				A8E910B51A081F6800E591BE /* emitterBottomXRTXon.png in Resources */,
				A8E910981A081F6800E591BE /* batteryPosLXXX.png in Resources */,
				A8E910D51A081F6800E591BE /* wireLRXBon.png in Resources */,
				A8E910B71A081F6800E591BE /* emitterLeftXRTBon.png in Resources */,
				A8E910A81A081F6800E591BE /* deflectorLXXBon.png in Resources */,
				A8E910A11A081F6800E591BE /* bulb.png in Resources */,
				5BEF174A1A0F2DAE00354C84 /* receiverLeftXXTB.png in Resources */,
				A8E910911A081F6800E591BE /* batteryNegXXTX.png in Resources */,
				A8E910DC1A081F6800E591BE /* wireLXXB.png in Resources */,
				A8E910CE1A081F6800E591BE /* laser.pxm in Resources */,
				A8E910B61A081F6800E591BE /* emitterLeftXRTB.png in Resources */,
				A8E910DA1A081F6800E591BE /* wireLXTX.png in Resources */,
				A8E910DD1A081F6800E591BE /* wireLXXBon.png in Resources */,
				A8E910CA1A081F6800E591BE /* emitterTopLXXB.png in Resources */,
				A8E910971A081F6800E591BE /* batteryPos.pxm in Resources */,
				A84F7F1419FDC1C6001AEC0D /* LaunchScreen.xib in Resources */,
				A8E910AE1A081F6800E591BE /* emitterBottomLRTX.png in Resources */,
				A8E9109D1A081F6800E591BE /* batteryPosXXTXshort.png in Resources */,
				A8E9109F1A081F6800E591BE /* batteryPosXXXBon.png in Resources */,
				A8E910E41A081F6800E591BE /* wireXRXBon.png in Resources */,
				5BEF174D1A0F2DAE00354C84 /* receiverRightXXTBon.png in Resources */,
				A8E9109A1A081F6800E591BE /* batteryPosLXXXshort.png in Resources */,
				A8E910D91A081F6800E591BE /* wireLXTBon.png in Resources */,
				A86E10D71A005C4E0029011B /* level0 in Resources */,
				A86E10D91A005C4E0029011B /* level2 in Resources */,
				A8E910E31A081F6800E591BE /* wireXRXB.png in Resources */,
				A893D7621A01E94F0004F539 /* beep-warmguitar.aif in Resources */,
				A8E910B41A081F6800E591BE /* emitterBottomXRTX.png in Resources */,
				A8E910D61A081F6800E591BE /* wireLRXX.png in Resources */,
				5BEF174E1A0F2DAE00354C84 /* receiverTopLRXX.png in Resources */,
				A8E910DF1A081F6800E591BE /* wireXRTB.png in Resources */,
				A8E910961A081F6800E591BE /* batteryNegXXXBshort.png in Resources */,
				A8E910BD1A081F6800E591BE /* emitterLeftXXTBon.png in Resources */,
				A8C2D56B1A12084A008DD69D /* mouse-doubleclick-02.wav in Resources */,
				A8E910D71A081F6800E591BE /* wireLRXXon.png in Resources */,
				A8E910B01A081F6800E591BE /* emitterBottomLRXX.png in Resources */,
				A8E910AF1A081F6800E591BE /* emitterBottomLRTXon.png in Resources */,
				A8E910C21A081F6800E591BE /* emitterRightLXXB.png in Resources */,
				A8E910CD1A081F6800E591BE /* emitterTopXRXBon.png in Resources */,
				A8E910A61A081F6800E591BE /* deflectorLXTXon.png in Resources */,
				A8E910D21A081F6800E591BE /* wireLRTX.png in Resources */,
				A8E910B81A081F6800E591BE /* emitterLeftXRTX.png in Resources */,
				A8E9109B1A081F6800E591BE /* batteryPosXXTX.png in Resources */,
				A84F7F1119FDC1C6001AEC0D /* Images.xcassets in Resources */,
				A8E910DB1A081F6800E591BE /* wireLXTXon.png in Resources */,
				A893D7611A01E94F0004F539 /* beep-rejected.aif in Resources */,
				A893D7601A01E94F0004F539 /* beep-attention.aif in Resources */,
				A8E910E11A081F6800E591BE /* wireXRTX.png in Resources */,
				A8E910BF1A081F6800E591BE /* emitterRightLXTBon.png in Resources */,
				A8E910AD1A081F6800E591BE /* emitter.pxm in Resources */,
				A8C2D56A1A12084A008DD69D /* bomb-02.wav in Resources */,
				C08E3C51D66438CE9748FA06 /* level-1 in Resources */,
				A8E910B31A081F6800E591BE /* emitterBottomLXTXon.png in Resources */,
				A8E910B11A081F6800E591BE /* emitterBottomLRXXon.png in Resources */,
				A8E910E71A081F6800E591BE /* wireXXTBon.png in Resources */,
				A8E910951A081F6800E591BE /* batteryNegXXXBon.png in Resources */,
				A8E9108F1A081F6800E591BE /* batteryNegXRXXon.png in Resources */,
				C08E33F583226436092FCBF4 /* level-2 in Resources */,
				A8E910271A07278200E591BE /* level-3 in Resources */,
				A8E910DE1A081F6800E591BE /* wireLXXX.png in Resources */,
				A8E910A31A081F6800E591BE /* bulbon.png in Resources */,
				A8E910AC1A081F6800E591BE /* deflectorXRXBon.png in Resources */,
				A8E910BB1A081F6800E591BE /* emitterLeftXRXBon.png in Resources */,
			);
			runOnlyForDeploymentPostprocessing = 0;
		};
		A84F7F1719FDC1C6001AEC0D /* Resources */ = {
			isa = PBXResourcesBuildPhase;
			buildActionMask = 2147483647;
			files = (
			);
			runOnlyForDeploymentPostprocessing = 0;
		};
/* End PBXResourcesBuildPhase section */

/* Begin PBXShellScriptBuildPhase section */
		A8E910241A070F2B00E591BE /* ShellScript */ = {
			isa = PBXShellScriptBuildPhase;
			buildActionMask = 2147483647;
			files = (
			);
			inputPaths = (
			);
			outputPaths = (
			);
			runOnlyForDeploymentPostprocessing = 0;
			shellPath = /bin/sh;
			shellScript = "source ~/.bash_profile\n\nhash oclint &> /dev/null\nif [ $? -eq 1 ]; then\necho >&2 \"oclint not found, analyzing stopped\"\nexit 1\nfi\n\n\ncd ${TARGET_TEMP_DIR}\nif [ ! -f compile_commands.json ]; then\necho \"[*] compile_commands.json not found, possibly clean was performed\"\necho \"[*] starting xcodebuild to rebuild the project..\"\n# clean previous output\nif [ -f xcodebuild.log ]; then\nrm xcodebuild.log\nfi\n\ncd ${SRCROOT}\nxcodebuild clean\n\n#build xcodebuild.log\nxcodebuild | tee ${TARGET_TEMP_DIR}/xcodebuild.log\n#xcodebuild <options>| tee ${TARGET_TEMP_DIR}/xcodebuild.log\n\necho \"[*] transforming xcodebuild.log into compile_commands.json...\"\ncd ${TARGET_TEMP_DIR}\n#transform it into compile_commands.json\noclint-xcodebuild\n\necho \"[*] copy compile_commands.json to the project root...\"\ncp ${TARGET_TEMP_DIR}/compile_commands.json ${SRCROOT}/compile_commands.json\nfi\n\necho \"[*] starting analyzing\"\ncd ${TARGET_TEMP_DIR}\noclint-json-compilation-database | sed 's/\\(.*\\.\\m\\{1,2\\}:[0-9]*:[0-9]*:\\)/\\1 warning:/'";
		};
/* End PBXShellScriptBuildPhase section */

/* Begin PBXSourcesBuildPhase section */
		A84F7EFC19FDC1C6001AEC0D /* Sources */ = {
			isa = PBXSourcesBuildPhase;
			buildActionMask = 2147483647;
			files = (
				A86E10DC1A0073C80029011B /* Bomb.m in Sources */,
				A86E10CC1A005B1E0029011B /* Bulb.m in Sources */,
				A86E10CD1A005B1E0029011B /* GameModel.m in Sources */,
				A86E10D21A005B1E0029011B /* Switch.m in Sources */,
				A86E10D01A005B1E0029011B /* LevelViewController.m in Sources */,
				5BEF17321A0EC1AB00354C84 /* Laser.m in Sources */,
				A86E10D31A005B1E0029011B /* Wire.m in Sources */,
				A86E10CE1A005B1E0029011B /* GameViewController.m in Sources */,
				A84F7F0C19FDC1C6001AEC0D /* ViewController.m in Sources */,
				5BEF17381A0EC1E500354C84 /* Deflector.m in Sources */,
				A84F7F0919FDC1C6001AEC0D /* AppDelegate.m in Sources */,
				A84F7F0619FDC1C6001AEC0D /* main.m in Sources */,
				A86E10CB1A005B1E0029011B /* Battery.m in Sources */,
				A86E10CF1A005B1E0029011B /* Grid.m in Sources */,
				5BEF173B1A0EC79600354C84 /* Receiver.m in Sources */,
				A86E10D11A005B1E0029011B /* MenuViewController.m in Sources */,
				5BEF17351A0EC1C800354C84 /* Emitter.m in Sources */,
				C08E3E456AF7E3D464D6278E /* ComponentModel.m in Sources */,
			);
			runOnlyForDeploymentPostprocessing = 0;
		};
		A84F7F1519FDC1C6001AEC0D /* Sources */ = {
			isa = PBXSourcesBuildPhase;
			buildActionMask = 2147483647;
			files = (
				A84F7F2019FDC1C6001AEC0D /* GameModelTests.m in Sources */,
			);
			runOnlyForDeploymentPostprocessing = 0;
		};
/* End PBXSourcesBuildPhase section */

/* Begin PBXTargetDependency section */
		A84F7F1B19FDC1C6001AEC0D /* PBXTargetDependency */ = {
			isa = PBXTargetDependency;
			target = A84F7EFF19FDC1C6001AEC0D /* PowerUP */;
			targetProxy = A84F7F1A19FDC1C6001AEC0D /* PBXContainerItemProxy */;
		};
/* End PBXTargetDependency section */

/* Begin PBXVariantGroup section */
		A84F7F0D19FDC1C6001AEC0D /* Main.storyboard */ = {
			isa = PBXVariantGroup;
			children = (
				A84F7F0E19FDC1C6001AEC0D /* Base */,
			);
			name = Main.storyboard;
			sourceTree = "<group>";
		};
		A84F7F1219FDC1C6001AEC0D /* LaunchScreen.xib */ = {
			isa = PBXVariantGroup;
			children = (
				A84F7F1319FDC1C6001AEC0D /* Base */,
			);
			name = LaunchScreen.xib;
			sourceTree = "<group>";
		};
/* End PBXVariantGroup section */

/* Begin XCBuildConfiguration section */
		A84F7F2119FDC1C6001AEC0D /* Debug */ = {
			isa = XCBuildConfiguration;
			buildSettings = {
				ALWAYS_SEARCH_USER_PATHS = NO;
				CLANG_CXX_LANGUAGE_STANDARD = "gnu++0x";
				CLANG_CXX_LIBRARY = "libc++";
				CLANG_ENABLE_MODULES = YES;
				CLANG_ENABLE_OBJC_ARC = YES;
				CLANG_WARN_BOOL_CONVERSION = YES;
				CLANG_WARN_CONSTANT_CONVERSION = YES;
				CLANG_WARN_DIRECT_OBJC_ISA_USAGE = YES_ERROR;
				CLANG_WARN_EMPTY_BODY = YES;
				CLANG_WARN_ENUM_CONVERSION = YES;
				CLANG_WARN_INT_CONVERSION = YES;
				CLANG_WARN_OBJC_ROOT_CLASS = YES_ERROR;
				CLANG_WARN_UNREACHABLE_CODE = YES;
				CLANG_WARN__DUPLICATE_METHOD_MATCH = YES;
				"CODE_SIGN_IDENTITY[sdk=iphoneos*]" = "iPhone Developer";
				COPY_PHASE_STRIP = NO;
				ENABLE_STRICT_OBJC_MSGSEND = YES;
				GCC_C_LANGUAGE_STANDARD = gnu99;
				GCC_DYNAMIC_NO_PIC = NO;
				GCC_GENERATE_TEST_COVERAGE_FILES = YES;
				GCC_INSTRUMENT_PROGRAM_FLOW_ARCS = YES;
				GCC_OPTIMIZATION_LEVEL = 0;
				GCC_PREPROCESSOR_DEFINITIONS = (
					"DEBUG=1",
					"$(inherited)",
				);
				GCC_SYMBOLS_PRIVATE_EXTERN = NO;
				GCC_WARN_64_TO_32_BIT_CONVERSION = YES;
				GCC_WARN_ABOUT_RETURN_TYPE = YES_ERROR;
				GCC_WARN_UNDECLARED_SELECTOR = YES;
				GCC_WARN_UNINITIALIZED_AUTOS = YES_AGGRESSIVE;
				GCC_WARN_UNUSED_FUNCTION = YES;
				GCC_WARN_UNUSED_VARIABLE = YES;
				IPHONEOS_DEPLOYMENT_TARGET = 8.0;
				MTL_ENABLE_DEBUG_INFO = YES;
				ONLY_ACTIVE_ARCH = YES;
				SDKROOT = iphoneos;
				TARGETED_DEVICE_FAMILY = "1,2";
			};
			name = Debug;
		};
		A84F7F2219FDC1C6001AEC0D /* Release */ = {
			isa = XCBuildConfiguration;
			buildSettings = {
				ALWAYS_SEARCH_USER_PATHS = NO;
				CLANG_CXX_LANGUAGE_STANDARD = "gnu++0x";
				CLANG_CXX_LIBRARY = "libc++";
				CLANG_ENABLE_MODULES = YES;
				CLANG_ENABLE_OBJC_ARC = YES;
				CLANG_WARN_BOOL_CONVERSION = YES;
				CLANG_WARN_CONSTANT_CONVERSION = YES;
				CLANG_WARN_DIRECT_OBJC_ISA_USAGE = YES_ERROR;
				CLANG_WARN_EMPTY_BODY = YES;
				CLANG_WARN_ENUM_CONVERSION = YES;
				CLANG_WARN_INT_CONVERSION = YES;
				CLANG_WARN_OBJC_ROOT_CLASS = YES_ERROR;
				CLANG_WARN_UNREACHABLE_CODE = YES;
				CLANG_WARN__DUPLICATE_METHOD_MATCH = YES;
				"CODE_SIGN_IDENTITY[sdk=iphoneos*]" = "iPhone Developer";
				COPY_PHASE_STRIP = YES;
				ENABLE_NS_ASSERTIONS = NO;
				ENABLE_STRICT_OBJC_MSGSEND = YES;
				GCC_C_LANGUAGE_STANDARD = gnu99;
				GCC_INSTRUMENT_PROGRAM_FLOW_ARCS = YES;
				GCC_WARN_64_TO_32_BIT_CONVERSION = YES;
				GCC_WARN_ABOUT_RETURN_TYPE = YES_ERROR;
				GCC_WARN_UNDECLARED_SELECTOR = YES;
				GCC_WARN_UNINITIALIZED_AUTOS = YES_AGGRESSIVE;
				GCC_WARN_UNUSED_FUNCTION = YES;
				GCC_WARN_UNUSED_VARIABLE = YES;
				IPHONEOS_DEPLOYMENT_TARGET = 8.0;
				MTL_ENABLE_DEBUG_INFO = NO;
				SDKROOT = iphoneos;
				TARGETED_DEVICE_FAMILY = "1,2";
				VALIDATE_PRODUCT = YES;
			};
			name = Release;
		};
		A84F7F2419FDC1C6001AEC0D /* Debug */ = {
			isa = XCBuildConfiguration;
			buildSettings = {
				ASSETCATALOG_COMPILER_APPICON_NAME = AppIcon;
				INFOPLIST_FILE = PowerUP/Info.plist;
				LD_RUNPATH_SEARCH_PATHS = "$(inherited) @executable_path/Frameworks";
				PRODUCT_NAME = "$(TARGET_NAME)";
			};
			name = Debug;
		};
		A84F7F2519FDC1C6001AEC0D /* Release */ = {
			isa = XCBuildConfiguration;
			buildSettings = {
				ASSETCATALOG_COMPILER_APPICON_NAME = AppIcon;
				INFOPLIST_FILE = PowerUP/Info.plist;
				LD_RUNPATH_SEARCH_PATHS = "$(inherited) @executable_path/Frameworks";
				PRODUCT_NAME = "$(TARGET_NAME)";
			};
			name = Release;
		};
		A84F7F2719FDC1C6001AEC0D /* Debug */ = {
			isa = XCBuildConfiguration;
			buildSettings = {
				BUNDLE_LOADER = "$(TEST_HOST)";
				FRAMEWORK_SEARCH_PATHS = (
					"$(SDKROOT)/Developer/Library/Frameworks",
					"$(inherited)",
				);
				GCC_PREPROCESSOR_DEFINITIONS = (
					"DEBUG=1",
					"$(inherited)",
				);
				INFOPLIST_FILE = PowerUPTests/Info.plist;
				LD_RUNPATH_SEARCH_PATHS = "$(inherited) @executable_path/Frameworks @loader_path/Frameworks";
				PRODUCT_NAME = "$(TARGET_NAME)";
				TEST_HOST = "$(BUILT_PRODUCTS_DIR)/PowerUP.app/PowerUP";
			};
			name = Debug;
		};
		A84F7F2819FDC1C6001AEC0D /* Release */ = {
			isa = XCBuildConfiguration;
			buildSettings = {
				BUNDLE_LOADER = "$(TEST_HOST)";
				FRAMEWORK_SEARCH_PATHS = (
					"$(SDKROOT)/Developer/Library/Frameworks",
					"$(inherited)",
				);
				INFOPLIST_FILE = PowerUPTests/Info.plist;
				LD_RUNPATH_SEARCH_PATHS = "$(inherited) @executable_path/Frameworks @loader_path/Frameworks";
				PRODUCT_NAME = "$(TARGET_NAME)";
				TEST_HOST = "$(BUILT_PRODUCTS_DIR)/PowerUP.app/PowerUP";
			};
			name = Release;
		};
		A8E910211A070F1500E591BE /* Debug */ = {
			isa = XCBuildConfiguration;
			buildSettings = {
				PRODUCT_NAME = "$(TARGET_NAME)";
			};
			name = Debug;
		};
		A8E910221A070F1500E591BE /* Release */ = {
			isa = XCBuildConfiguration;
			buildSettings = {
				PRODUCT_NAME = "$(TARGET_NAME)";
			};
			name = Release;
		};
/* End XCBuildConfiguration section */

/* Begin XCConfigurationList section */
		A84F7EFB19FDC1C6001AEC0D /* Build configuration list for PBXProject "PowerUP" */ = {
			isa = XCConfigurationList;
			buildConfigurations = (
				A84F7F2119FDC1C6001AEC0D /* Debug */,
				A84F7F2219FDC1C6001AEC0D /* Release */,
			);
			defaultConfigurationIsVisible = 0;
			defaultConfigurationName = Release;
		};
		A84F7F2319FDC1C6001AEC0D /* Build configuration list for PBXNativeTarget "PowerUP" */ = {
			isa = XCConfigurationList;
			buildConfigurations = (
				A84F7F2419FDC1C6001AEC0D /* Debug */,
				A84F7F2519FDC1C6001AEC0D /* Release */,
			);
			defaultConfigurationIsVisible = 0;
			defaultConfigurationName = Release;
		};
		A84F7F2619FDC1C6001AEC0D /* Build configuration list for PBXNativeTarget "PowerUPTests" */ = {
			isa = XCConfigurationList;
			buildConfigurations = (
				A84F7F2719FDC1C6001AEC0D /* Debug */,
				A84F7F2819FDC1C6001AEC0D /* Release */,
			);
			defaultConfigurationIsVisible = 0;
			defaultConfigurationName = Release;
		};
		A8E910231A070F1500E591BE /* Build configuration list for PBXAggregateTarget "OCLint" */ = {
			isa = XCConfigurationList;
			buildConfigurations = (
				A8E910211A070F1500E591BE /* Debug */,
				A8E910221A070F1500E591BE /* Release */,
			);
			defaultConfigurationIsVisible = 0;
			defaultConfigurationName = Release;
		};
/* End XCConfigurationList section */
	};
	rootObject = A84F7EF819FDC1C6001AEC0D /* Project object */;
}
